// !$*UTF8*$!
{
	archiveVersion = 1;
	classes = {
	};
	objectVersion = 56;
	objects = {

/* Begin PBXBuildFile section */
		89058E3E29B7046500A39615 /* SnapKit in Frameworks */ = {isa = PBXBuildFile; productRef = 89058E3D29B7046500A39615 /* SnapKit */; };
		89E3714E29B481290048DAA9 /* AppDelegate.swift in Sources */ = {isa = PBXBuildFile; fileRef = 89E3714D29B481290048DAA9 /* AppDelegate.swift */; };
		89E3715029B481290048DAA9 /* SceneDelegate.swift in Sources */ = {isa = PBXBuildFile; fileRef = 89E3714F29B481290048DAA9 /* SceneDelegate.swift */; };
		89E3715229B481290048DAA9 /* ViewController.swift in Sources */ = {isa = PBXBuildFile; fileRef = 89E3715129B481290048DAA9 /* ViewController.swift */; };
		89E3715729B4812A0048DAA9 /* Assets.xcassets in Resources */ = {isa = PBXBuildFile; fileRef = 89E3715629B4812A0048DAA9 /* Assets.xcassets */; };
		89E3715A29B4812A0048DAA9 /* LaunchScreen.storyboard in Resources */ = {isa = PBXBuildFile; fileRef = 89E3715829B4812A0048DAA9 /* LaunchScreen.storyboard */; };
		89E3716529B4812A0048DAA9 /* SpeaKingTests.swift in Sources */ = {isa = PBXBuildFile; fileRef = 89E3716429B4812A0048DAA9 /* SpeaKingTests.swift */; };
		89E3716F29B4812A0048DAA9 /* SpeaKingUITests.swift in Sources */ = {isa = PBXBuildFile; fileRef = 89E3716E29B4812A0048DAA9 /* SpeaKingUITests.swift */; };
		89E3717129B4812A0048DAA9 /* SpeaKingUITestsLaunchTests.swift in Sources */ = {isa = PBXBuildFile; fileRef = 89E3717029B4812A0048DAA9 /* SpeaKingUITestsLaunchTests.swift */; };
/* End PBXBuildFile section */

/* Begin PBXContainerItemProxy section */
		89E3716129B4812A0048DAA9 /* PBXContainerItemProxy */ = {
			isa = PBXContainerItemProxy;
			containerPortal = 89E3714229B481290048DAA9 /* Project object */;
			proxyType = 1;
			remoteGlobalIDString = 89E3714929B481290048DAA9;
			remoteInfo = SpeaKing;
		};
		89E3716B29B4812A0048DAA9 /* PBXContainerItemProxy */ = {
			isa = PBXContainerItemProxy;
			containerPortal = 89E3714229B481290048DAA9 /* Project object */;
			proxyType = 1;
			remoteGlobalIDString = 89E3714929B481290048DAA9;
			remoteInfo = SpeaKing;
		};
/* End PBXContainerItemProxy section */

/* Begin PBXFileReference section */
		89E3714A29B481290048DAA9 /* SpeaKing.app */ = {isa = PBXFileReference; explicitFileType = wrapper.application; includeInIndex = 0; path = SpeaKing.app; sourceTree = BUILT_PRODUCTS_DIR; };
		89E3714D29B481290048DAA9 /* AppDelegate.swift */ = {isa = PBXFileReference; lastKnownFileType = sourcecode.swift; path = AppDelegate.swift; sourceTree = "<group>"; };
		89E3714F29B481290048DAA9 /* SceneDelegate.swift */ = {isa = PBXFileReference; lastKnownFileType = sourcecode.swift; path = SceneDelegate.swift; sourceTree = "<group>"; };
		89E3715129B481290048DAA9 /* ViewController.swift */ = {isa = PBXFileReference; lastKnownFileType = sourcecode.swift; path = ViewController.swift; sourceTree = "<group>"; };
		89E3715629B4812A0048DAA9 /* Assets.xcassets */ = {isa = PBXFileReference; lastKnownFileType = folder.assetcatalog; path = Assets.xcassets; sourceTree = "<group>"; };
		89E3715929B4812A0048DAA9 /* Base */ = {isa = PBXFileReference; lastKnownFileType = file.storyboard; name = Base; path = Base.lproj/LaunchScreen.storyboard; sourceTree = "<group>"; };
		89E3715B29B4812A0048DAA9 /* Info.plist */ = {isa = PBXFileReference; lastKnownFileType = text.plist.xml; path = Info.plist; sourceTree = "<group>"; };
		89E3716029B4812A0048DAA9 /* SpeaKingTests.xctest */ = {isa = PBXFileReference; explicitFileType = wrapper.cfbundle; includeInIndex = 0; path = SpeaKingTests.xctest; sourceTree = BUILT_PRODUCTS_DIR; };
		89E3716429B4812A0048DAA9 /* SpeaKingTests.swift */ = {isa = PBXFileReference; lastKnownFileType = sourcecode.swift; path = SpeaKingTests.swift; sourceTree = "<group>"; };
		89E3716A29B4812A0048DAA9 /* SpeaKingUITests.xctest */ = {isa = PBXFileReference; explicitFileType = wrapper.cfbundle; includeInIndex = 0; path = SpeaKingUITests.xctest; sourceTree = BUILT_PRODUCTS_DIR; };
		89E3716E29B4812A0048DAA9 /* SpeaKingUITests.swift */ = {isa = PBXFileReference; lastKnownFileType = sourcecode.swift; path = SpeaKingUITests.swift; sourceTree = "<group>"; };
		89E3717029B4812A0048DAA9 /* SpeaKingUITestsLaunchTests.swift */ = {isa = PBXFileReference; lastKnownFileType = sourcecode.swift; path = SpeaKingUITestsLaunchTests.swift; sourceTree = "<group>"; };
/* End PBXFileReference section */

/* Begin PBXFrameworksBuildPhase section */
		89E3714729B481290048DAA9 /* Frameworks */ = {
			isa = PBXFrameworksBuildPhase;
			buildActionMask = 2147483647;
			files = (
				89058E3E29B7046500A39615 /* SnapKit in Frameworks */,
			);
			runOnlyForDeploymentPostprocessing = 0;
		};
		89E3715D29B4812A0048DAA9 /* Frameworks */ = {
			isa = PBXFrameworksBuildPhase;
			buildActionMask = 2147483647;
			files = (
			);
			runOnlyForDeploymentPostprocessing = 0;
		};
		89E3716729B4812A0048DAA9 /* Frameworks */ = {
			isa = PBXFrameworksBuildPhase;
			buildActionMask = 2147483647;
			files = (
			);
			runOnlyForDeploymentPostprocessing = 0;
		};
/* End PBXFrameworksBuildPhase section */

/* Begin PBXGroup section */
		89E3714129B481290048DAA9 = {
			isa = PBXGroup;
			children = (
				89E3714C29B481290048DAA9 /* SpeaKing */,
				89E3716329B4812A0048DAA9 /* SpeaKingTests */,
				89E3716D29B4812A0048DAA9 /* SpeaKingUITests */,
				89E3714B29B481290048DAA9 /* Products */,
			);
			sourceTree = "<group>";
		};
		89E3714B29B481290048DAA9 /* Products */ = {
			isa = PBXGroup;
			children = (
				89E3714A29B481290048DAA9 /* SpeaKing.app */,
				89E3716029B4812A0048DAA9 /* SpeaKingTests.xctest */,
				89E3716A29B4812A0048DAA9 /* SpeaKingUITests.xctest */,
			);
			name = Products;
			sourceTree = "<group>";
		};
		89E3714C29B481290048DAA9 /* SpeaKing */ = {
			isa = PBXGroup;
			children = (
				89E3714D29B481290048DAA9 /* AppDelegate.swift */,
				89E3714F29B481290048DAA9 /* SceneDelegate.swift */,
				89E3715129B481290048DAA9 /* ViewController.swift */,
				89E3715629B4812A0048DAA9 /* Assets.xcassets */,
				89E3715829B4812A0048DAA9 /* LaunchScreen.storyboard */,
				89E3715B29B4812A0048DAA9 /* Info.plist */,
			);
			path = SpeaKing;
			sourceTree = "<group>";
		};
		89E3716329B4812A0048DAA9 /* SpeaKingTests */ = {
			isa = PBXGroup;
			children = (
				89E3716429B4812A0048DAA9 /* SpeaKingTests.swift */,
			);
			path = SpeaKingTests;
			sourceTree = "<group>";
		};
		89E3716D29B4812A0048DAA9 /* SpeaKingUITests */ = {
			isa = PBXGroup;
			children = (
				89E3716E29B4812A0048DAA9 /* SpeaKingUITests.swift */,
				89E3717029B4812A0048DAA9 /* SpeaKingUITestsLaunchTests.swift */,
			);
			path = SpeaKingUITests;
			sourceTree = "<group>";
		};
/* End PBXGroup section */

/* Begin PBXNativeTarget section */
		89E3714929B481290048DAA9 /* SpeaKing */ = {
			isa = PBXNativeTarget;
			buildConfigurationList = 89E3717429B4812A0048DAA9 /* Build configuration list for PBXNativeTarget "SpeaKing" */;
			buildPhases = (
				89E3714629B481290048DAA9 /* Sources */,
				89E3714729B481290048DAA9 /* Frameworks */,
				89E3714829B481290048DAA9 /* Resources */,
			);
			buildRules = (
			);
			dependencies = (
			);
			name = SpeaKing;
			packageProductDependencies = (
				89058E3D29B7046500A39615 /* SnapKit */,
			);
			productName = SpeaKing;
			productReference = 89E3714A29B481290048DAA9 /* SpeaKing.app */;
			productType = "com.apple.product-type.application";
		};
		89E3715F29B4812A0048DAA9 /* SpeaKingTests */ = {
			isa = PBXNativeTarget;
			buildConfigurationList = 89E3717729B4812A0048DAA9 /* Build configuration list for PBXNativeTarget "SpeaKingTests" */;
			buildPhases = (
				89E3715C29B4812A0048DAA9 /* Sources */,
				89E3715D29B4812A0048DAA9 /* Frameworks */,
				89E3715E29B4812A0048DAA9 /* Resources */,
			);
			buildRules = (
			);
			dependencies = (
				89E3716229B4812A0048DAA9 /* PBXTargetDependency */,
			);
			name = SpeaKingTests;
			productName = SpeaKingTests;
			productReference = 89E3716029B4812A0048DAA9 /* SpeaKingTests.xctest */;
			productType = "com.apple.product-type.bundle.unit-test";
		};
		89E3716929B4812A0048DAA9 /* SpeaKingUITests */ = {
			isa = PBXNativeTarget;
			buildConfigurationList = 89E3717A29B4812A0048DAA9 /* Build configuration list for PBXNativeTarget "SpeaKingUITests" */;
			buildPhases = (
				89E3716629B4812A0048DAA9 /* Sources */,
				89E3716729B4812A0048DAA9 /* Frameworks */,
				89E3716829B4812A0048DAA9 /* Resources */,
			);
			buildRules = (
			);
			dependencies = (
				89E3716C29B4812A0048DAA9 /* PBXTargetDependency */,
			);
			name = SpeaKingUITests;
			productName = SpeaKingUITests;
			productReference = 89E3716A29B4812A0048DAA9 /* SpeaKingUITests.xctest */;
			productType = "com.apple.product-type.bundle.ui-testing";
		};
/* End PBXNativeTarget section */

/* Begin PBXProject section */
		89E3714229B481290048DAA9 /* Project object */ = {
			isa = PBXProject;
			attributes = {
				BuildIndependentTargetsInParallel = 1;
				LastSwiftUpdateCheck = 1420;
				LastUpgradeCheck = 1420;
				TargetAttributes = {
					89E3714929B481290048DAA9 = {
						CreatedOnToolsVersion = 14.2;
					};
					89E3715F29B4812A0048DAA9 = {
						CreatedOnToolsVersion = 14.2;
						TestTargetID = 89E3714929B481290048DAA9;
					};
					89E3716929B4812A0048DAA9 = {
						CreatedOnToolsVersion = 14.2;
						TestTargetID = 89E3714929B481290048DAA9;
					};
				};
			};
			buildConfigurationList = 89E3714529B481290048DAA9 /* Build configuration list for PBXProject "SpeaKing" */;
			compatibilityVersion = "Xcode 14.0";
			developmentRegion = en;
			hasScannedForEncodings = 0;
			knownRegions = (
				en,
				Base,
			);
			mainGroup = 89E3714129B481290048DAA9;
			packageReferences = (
				89058E3C29B7046500A39615 /* XCRemoteSwiftPackageReference "SnapKit" */,
			);
			productRefGroup = 89E3714B29B481290048DAA9 /* Products */;
			projectDirPath = "";
			projectRoot = "";
			targets = (
				89E3714929B481290048DAA9 /* SpeaKing */,
				89E3715F29B4812A0048DAA9 /* SpeaKingTests */,
				89E3716929B4812A0048DAA9 /* SpeaKingUITests */,
			);
		};
/* End PBXProject section */

/* Begin PBXResourcesBuildPhase section */
		89E3714829B481290048DAA9 /* Resources */ = {
			isa = PBXResourcesBuildPhase;
			buildActionMask = 2147483647;
			files = (
				89E3715A29B4812A0048DAA9 /* LaunchScreen.storyboard in Resources */,
				89E3715729B4812A0048DAA9 /* Assets.xcassets in Resources */,
			);
			runOnlyForDeploymentPostprocessing = 0;
		};
		89E3715E29B4812A0048DAA9 /* Resources */ = {
			isa = PBXResourcesBuildPhase;
			buildActionMask = 2147483647;
			files = (
			);
			runOnlyForDeploymentPostprocessing = 0;
		};
		89E3716829B4812A0048DAA9 /* Resources */ = {
			isa = PBXResourcesBuildPhase;
			buildActionMask = 2147483647;
			files = (
			);
			runOnlyForDeploymentPostprocessing = 0;
		};
/* End PBXResourcesBuildPhase section */

/* Begin PBXSourcesBuildPhase section */
		89E3714629B481290048DAA9 /* Sources */ = {
			isa = PBXSourcesBuildPhase;
			buildActionMask = 2147483647;
			files = (
				89E3715229B481290048DAA9 /* ViewController.swift in Sources */,
				89E3714E29B481290048DAA9 /* AppDelegate.swift in Sources */,
				89E3715029B481290048DAA9 /* SceneDelegate.swift in Sources */,
			);
			runOnlyForDeploymentPostprocessing = 0;
		};
		89E3715C29B4812A0048DAA9 /* Sources */ = {
			isa = PBXSourcesBuildPhase;
			buildActionMask = 2147483647;
			files = (
				89E3716529B4812A0048DAA9 /* SpeaKingTests.swift in Sources */,
			);
			runOnlyForDeploymentPostprocessing = 0;
		};
		89E3716629B4812A0048DAA9 /* Sources */ = {
			isa = PBXSourcesBuildPhase;
			buildActionMask = 2147483647;
			files = (
				89E3717129B4812A0048DAA9 /* SpeaKingUITestsLaunchTests.swift in Sources */,
				89E3716F29B4812A0048DAA9 /* SpeaKingUITests.swift in Sources */,
			);
			runOnlyForDeploymentPostprocessing = 0;
		};
/* End PBXSourcesBuildPhase section */

/* Begin PBXTargetDependency section */
		89E3716229B4812A0048DAA9 /* PBXTargetDependency */ = {
			isa = PBXTargetDependency;
			target = 89E3714929B481290048DAA9 /* SpeaKing */;
			targetProxy = 89E3716129B4812A0048DAA9 /* PBXContainerItemProxy */;
		};
		89E3716C29B4812A0048DAA9 /* PBXTargetDependency */ = {
			isa = PBXTargetDependency;
			target = 89E3714929B481290048DAA9 /* SpeaKing */;
			targetProxy = 89E3716B29B4812A0048DAA9 /* PBXContainerItemProxy */;
		};
/* End PBXTargetDependency section */

/* Begin PBXVariantGroup section */
		89E3715829B4812A0048DAA9 /* LaunchScreen.storyboard */ = {
			isa = PBXVariantGroup;
			children = (
				89E3715929B4812A0048DAA9 /* Base */,
			);
			name = LaunchScreen.storyboard;
			sourceTree = "<group>";
		};
/* End PBXVariantGroup section */

/* Begin XCBuildConfiguration section */
		89E3717229B4812A0048DAA9 /* Debug */ = {
			isa = XCBuildConfiguration;
			buildSettings = {
				ALWAYS_SEARCH_USER_PATHS = NO;
				CLANG_ANALYZER_NONNULL = YES;
				CLANG_ANALYZER_NUMBER_OBJECT_CONVERSION = YES_AGGRESSIVE;
				CLANG_CXX_LANGUAGE_STANDARD = "gnu++20";
				CLANG_ENABLE_MODULES = YES;
				CLANG_ENABLE_OBJC_ARC = YES;
				CLANG_ENABLE_OBJC_WEAK = YES;
				CLANG_WARN_BLOCK_CAPTURE_AUTORELEASING = YES;
				CLANG_WARN_BOOL_CONVERSION = YES;
				CLANG_WARN_COMMA = YES;
				CLANG_WARN_CONSTANT_CONVERSION = YES;
				CLANG_WARN_DEPRECATED_OBJC_IMPLEMENTATIONS = YES;
				CLANG_WARN_DIRECT_OBJC_ISA_USAGE = YES_ERROR;
				CLANG_WARN_DOCUMENTATION_COMMENTS = YES;
				CLANG_WARN_EMPTY_BODY = YES;
				CLANG_WARN_ENUM_CONVERSION = YES;
				CLANG_WARN_INFINITE_RECURSION = YES;
				CLANG_WARN_INT_CONVERSION = YES;
				CLANG_WARN_NON_LITERAL_NULL_CONVERSION = YES;
				CLANG_WARN_OBJC_IMPLICIT_RETAIN_SELF = YES;
				CLANG_WARN_OBJC_LITERAL_CONVERSION = YES;
				CLANG_WARN_OBJC_ROOT_CLASS = YES_ERROR;
				CLANG_WARN_QUOTED_INCLUDE_IN_FRAMEWORK_HEADER = YES;
				CLANG_WARN_RANGE_LOOP_ANALYSIS = YES;
				CLANG_WARN_STRICT_PROTOTYPES = YES;
				CLANG_WARN_SUSPICIOUS_MOVE = YES;
				CLANG_WARN_UNGUARDED_AVAILABILITY = YES_AGGRESSIVE;
				CLANG_WARN_UNREACHABLE_CODE = YES;
				CLANG_WARN__DUPLICATE_METHOD_MATCH = YES;
				COPY_PHASE_STRIP = NO;
				DEBUG_INFORMATION_FORMAT = dwarf;
				ENABLE_STRICT_OBJC_MSGSEND = YES;
				ENABLE_TESTABILITY = YES;
				GCC_C_LANGUAGE_STANDARD = gnu11;
				GCC_DYNAMIC_NO_PIC = NO;
				GCC_NO_COMMON_BLOCKS = YES;
				GCC_OPTIMIZATION_LEVEL = 0;
				GCC_PREPROCESSOR_DEFINITIONS = (
					"DEBUG=1",
					"$(inherited)",
				);
				GCC_WARN_64_TO_32_BIT_CONVERSION = YES;
				GCC_WARN_ABOUT_RETURN_TYPE = YES_ERROR;
				GCC_WARN_UNDECLARED_SELECTOR = YES;
				GCC_WARN_UNINITIALIZED_AUTOS = YES_AGGRESSIVE;
				GCC_WARN_UNUSED_FUNCTION = YES;
				GCC_WARN_UNUSED_VARIABLE = YES;
				IPHONEOS_DEPLOYMENT_TARGET = 14.0;
				MTL_ENABLE_DEBUG_INFO = INCLUDE_SOURCE;
				MTL_FAST_MATH = YES;
				ONLY_ACTIVE_ARCH = YES;
				SDKROOT = iphoneos;
				SWIFT_ACTIVE_COMPILATION_CONDITIONS = DEBUG;
				SWIFT_OPTIMIZATION_LEVEL = "-Onone";
			};
			name = Debug;
		};
		89E3717329B4812A0048DAA9 /* Release */ = {
			isa = XCBuildConfiguration;
			buildSettings = {
				ALWAYS_SEARCH_USER_PATHS = NO;
				CLANG_ANALYZER_NONNULL = YES;
				CLANG_ANALYZER_NUMBER_OBJECT_CONVERSION = YES_AGGRESSIVE;
				CLANG_CXX_LANGUAGE_STANDARD = "gnu++20";
				CLANG_ENABLE_MODULES = YES;
				CLANG_ENABLE_OBJC_ARC = YES;
				CLANG_ENABLE_OBJC_WEAK = YES;
				CLANG_WARN_BLOCK_CAPTURE_AUTORELEASING = YES;
				CLANG_WARN_BOOL_CONVERSION = YES;
				CLANG_WARN_COMMA = YES;
				CLANG_WARN_CONSTANT_CONVERSION = YES;
				CLANG_WARN_DEPRECATED_OBJC_IMPLEMENTATIONS = YES;
				CLANG_WARN_DIRECT_OBJC_ISA_USAGE = YES_ERROR;
				CLANG_WARN_DOCUMENTATION_COMMENTS = YES;
				CLANG_WARN_EMPTY_BODY = YES;
				CLANG_WARN_ENUM_CONVERSION = YES;
				CLANG_WARN_INFINITE_RECURSION = YES;
				CLANG_WARN_INT_CONVERSION = YES;
				CLANG_WARN_NON_LITERAL_NULL_CONVERSION = YES;
				CLANG_WARN_OBJC_IMPLICIT_RETAIN_SELF = YES;
				CLANG_WARN_OBJC_LITERAL_CONVERSION = YES;
				CLANG_WARN_OBJC_ROOT_CLASS = YES_ERROR;
				CLANG_WARN_QUOTED_INCLUDE_IN_FRAMEWORK_HEADER = YES;
				CLANG_WARN_RANGE_LOOP_ANALYSIS = YES;
				CLANG_WARN_STRICT_PROTOTYPES = YES;
				CLANG_WARN_SUSPICIOUS_MOVE = YES;
				CLANG_WARN_UNGUARDED_AVAILABILITY = YES_AGGRESSIVE;
				CLANG_WARN_UNREACHABLE_CODE = YES;
				CLANG_WARN__DUPLICATE_METHOD_MATCH = YES;
				COPY_PHASE_STRIP = NO;
				DEBUG_INFORMATION_FORMAT = "dwarf-with-dsym";
				ENABLE_NS_ASSERTIONS = NO;
				ENABLE_STRICT_OBJC_MSGSEND = YES;
				GCC_C_LANGUAGE_STANDARD = gnu11;
				GCC_NO_COMMON_BLOCKS = YES;
				GCC_WARN_64_TO_32_BIT_CONVERSION = YES;
				GCC_WARN_ABOUT_RETURN_TYPE = YES_ERROR;
				GCC_WARN_UNDECLARED_SELECTOR = YES;
				GCC_WARN_UNINITIALIZED_AUTOS = YES_AGGRESSIVE;
				GCC_WARN_UNUSED_FUNCTION = YES;
				GCC_WARN_UNUSED_VARIABLE = YES;
				IPHONEOS_DEPLOYMENT_TARGET = 14.0;
				MTL_ENABLE_DEBUG_INFO = NO;
				MTL_FAST_MATH = YES;
				SDKROOT = iphoneos;
				SWIFT_COMPILATION_MODE = wholemodule;
				SWIFT_OPTIMIZATION_LEVEL = "-O";
				VALIDATE_PRODUCT = YES;
			};
			name = Release;
		};
		89E3717529B4812A0048DAA9 /* Debug */ = {
			isa = XCBuildConfiguration;
			buildSettings = {
				ASSETCATALOG_COMPILER_APPICON_NAME = AppIcon;
				ASSETCATALOG_COMPILER_GLOBAL_ACCENT_COLOR_NAME = AccentColor;
				CODE_SIGN_STYLE = Automatic;
				CURRENT_PROJECT_VERSION = 1;
				DEVELOPMENT_TEAM = 3FP9A2A7KZ;
				GENERATE_INFOPLIST_FILE = YES;
				INFOPLIST_FILE = SpeaKing/Info.plist;
				INFOPLIST_KEY_UIApplicationSupportsIndirectInputEvents = YES;
				INFOPLIST_KEY_UILaunchStoryboardName = LaunchScreen;
				INFOPLIST_KEY_UISupportedInterfaceOrientations_iPad = "UIInterfaceOrientationPortrait UIInterfaceOrientationPortraitUpsideDown UIInterfaceOrientationLandscapeLeft UIInterfaceOrientationLandscapeRight";
				INFOPLIST_KEY_UISupportedInterfaceOrientations_iPhone = "UIInterfaceOrientationPortrait UIInterfaceOrientationLandscapeLeft UIInterfaceOrientationLandscapeRight";
				IPHONEOS_DEPLOYMENT_TARGET = 14.0;
				LD_RUNPATH_SEARCH_PATHS = (
					"$(inherited)",
					"@executable_path/Frameworks",
				);
				MARKETING_VERSION = 1.0;
				PRODUCT_BUNDLE_IDENTIFIER = "seoyoung-lee.SpeaKing";
				PRODUCT_NAME = "$(TARGET_NAME)";
				SWIFT_EMIT_LOC_STRINGS = YES;
				SWIFT_VERSION = 5.0;
				TARGETED_DEVICE_FAMILY = "1,2";
			};
			name = Debug;
		};
		89E3717629B4812A0048DAA9 /* Release */ = {
			isa = XCBuildConfiguration;
			buildSettings = {
				ASSETCATALOG_COMPILER_APPICON_NAME = AppIcon;
				ASSETCATALOG_COMPILER_GLOBAL_ACCENT_COLOR_NAME = AccentColor;
				CODE_SIGN_STYLE = Automatic;
				CURRENT_PROJECT_VERSION = 1;
				DEVELOPMENT_TEAM = 3FP9A2A7KZ;
				GENERATE_INFOPLIST_FILE = YES;
				INFOPLIST_FILE = SpeaKing/Info.plist;
				INFOPLIST_KEY_UIApplicationSupportsIndirectInputEvents = YES;
				INFOPLIST_KEY_UILaunchStoryboardName = LaunchScreen;
				INFOPLIST_KEY_UISupportedInterfaceOrientations_iPad = "UIInterfaceOrientationPortrait UIInterfaceOrientationPortraitUpsideDown UIInterfaceOrientationLandscapeLeft UIInterfaceOrientationLandscapeRight";
				INFOPLIST_KEY_UISupportedInterfaceOrientations_iPhone = "UIInterfaceOrientationPortrait UIInterfaceOrientationLandscapeLeft UIInterfaceOrientationLandscapeRight";
				IPHONEOS_DEPLOYMENT_TARGET = 14.0;
				LD_RUNPATH_SEARCH_PATHS = (
					"$(inherited)",
					"@executable_path/Frameworks",
				);
				MARKETING_VERSION = 1.0;
				PRODUCT_BUNDLE_IDENTIFIER = "seoyoung-lee.SpeaKing";
				PRODUCT_NAME = "$(TARGET_NAME)";
				SWIFT_EMIT_LOC_STRINGS = YES;
				SWIFT_VERSION = 5.0;
				TARGETED_DEVICE_FAMILY = "1,2";
			};
			name = Release;
		};
		89E3717829B4812A0048DAA9 /* Debug */ = {
			isa = XCBuildConfiguration;
			buildSettings = {
				ALWAYS_EMBED_SWIFT_STANDARD_LIBRARIES = YES;
				BUNDLE_LOADER = "$(TEST_HOST)";
				CODE_SIGN_STYLE = Automatic;
				CURRENT_PROJECT_VERSION = 1;
				DEVELOPMENT_TEAM = 3FP9A2A7KZ;
				GENERATE_INFOPLIST_FILE = YES;
				IPHONEOS_DEPLOYMENT_TARGET = 16.2;
				MARKETING_VERSION = 1.0;
				PRODUCT_BUNDLE_IDENTIFIER = "seoyoung-lee.SpeaKingTests";
				PRODUCT_NAME = "$(TARGET_NAME)";
				SWIFT_EMIT_LOC_STRINGS = NO;
				SWIFT_VERSION = 5.0;
				TARGETED_DEVICE_FAMILY = "1,2";
				TEST_HOST = "$(BUILT_PRODUCTS_DIR)/SpeaKing.app/$(BUNDLE_EXECUTABLE_FOLDER_PATH)/SpeaKing";
			};
			name = Debug;
		};
		89E3717929B4812A0048DAA9 /* Release */ = {
			isa = XCBuildConfiguration;
			buildSettings = {
				ALWAYS_EMBED_SWIFT_STANDARD_LIBRARIES = YES;
				BUNDLE_LOADER = "$(TEST_HOST)";
				CODE_SIGN_STYLE = Automatic;
				CURRENT_PROJECT_VERSION = 1;
				DEVELOPMENT_TEAM = 3FP9A2A7KZ;
				GENERATE_INFOPLIST_FILE = YES;
				IPHONEOS_DEPLOYMENT_TARGET = 16.2;
				MARKETING_VERSION = 1.0;
				PRODUCT_BUNDLE_IDENTIFIER = "seoyoung-lee.SpeaKingTests";
				PRODUCT_NAME = "$(TARGET_NAME)";
				SWIFT_EMIT_LOC_STRINGS = NO;
				SWIFT_VERSION = 5.0;
				TARGETED_DEVICE_FAMILY = "1,2";
				TEST_HOST = "$(BUILT_PRODUCTS_DIR)/SpeaKing.app/$(BUNDLE_EXECUTABLE_FOLDER_PATH)/SpeaKing";
			};
			name = Release;
		};
		89E3717B29B4812A0048DAA9 /* Debug */ = {
			isa = XCBuildConfiguration;
			buildSettings = {
				ALWAYS_EMBED_SWIFT_STANDARD_LIBRARIES = YES;
				CODE_SIGN_STYLE = Automatic;
				CURRENT_PROJECT_VERSION = 1;
				DEVELOPMENT_TEAM = 3FP9A2A7KZ;
				GENERATE_INFOPLIST_FILE = YES;
				MARKETING_VERSION = 1.0;
				PRODUCT_BUNDLE_IDENTIFIER = "seoyoung-lee.SpeaKingUITests";
				PRODUCT_NAME = "$(TARGET_NAME)";
				SWIFT_EMIT_LOC_STRINGS = NO;
				SWIFT_VERSION = 5.0;
				TARGETED_DEVICE_FAMILY = "1,2";
				TEST_TARGET_NAME = SpeaKing;
			};
			name = Debug;
		};
		89E3717C29B4812A0048DAA9 /* Release */ = {
			isa = XCBuildConfiguration;
			buildSettings = {
				ALWAYS_EMBED_SWIFT_STANDARD_LIBRARIES = YES;
				CODE_SIGN_STYLE = Automatic;
				CURRENT_PROJECT_VERSION = 1;
				DEVELOPMENT_TEAM = 3FP9A2A7KZ;
				GENERATE_INFOPLIST_FILE = YES;
				MARKETING_VERSION = 1.0;
				PRODUCT_BUNDLE_IDENTIFIER = "seoyoung-lee.SpeaKingUITests";
				PRODUCT_NAME = "$(TARGET_NAME)";
				SWIFT_EMIT_LOC_STRINGS = NO;
				SWIFT_VERSION = 5.0;
				TARGETED_DEVICE_FAMILY = "1,2";
				TEST_TARGET_NAME = SpeaKing;
			};
			name = Release;
		};
/* End XCBuildConfiguration section */

/* Begin XCConfigurationList section */
		89E3714529B481290048DAA9 /* Build configuration list for PBXProject "SpeaKing" */ = {
			isa = XCConfigurationList;
			buildConfigurations = (
				89E3717229B4812A0048DAA9 /* Debug */,
				89E3717329B4812A0048DAA9 /* Release */,
			);
			defaultConfigurationIsVisible = 0;
			defaultConfigurationName = Release;
		};
		89E3717429B4812A0048DAA9 /* Build configuration list for PBXNativeTarget "SpeaKing" */ = {
			isa = XCConfigurationList;
			buildConfigurations = (
				89E3717529B4812A0048DAA9 /* Debug */,
				89E3717629B4812A0048DAA9 /* Release */,
			);
			defaultConfigurationIsVisible = 0;
			defaultConfigurationName = Release;
		};
		89E3717729B4812A0048DAA9 /* Build configuration list for PBXNativeTarget "SpeaKingTests" */ = {
			isa = XCConfigurationList;
			buildConfigurations = (
				89E3717829B4812A0048DAA9 /* Debug */,
				89E3717929B4812A0048DAA9 /* Release */,
			);
			defaultConfigurationIsVisible = 0;
			defaultConfigurationName = Release;
		};
		89E3717A29B4812A0048DAA9 /* Build configuration list for PBXNativeTarget "SpeaKingUITests" */ = {
			isa = XCConfigurationList;
			buildConfigurations = (
				89E3717B29B4812A0048DAA9 /* Debug */,
				89E3717C29B4812A0048DAA9 /* Release */,
			);
			defaultConfigurationIsVisible = 0;
			defaultConfigurationName = Release;
		};
/* End XCConfigurationList section */

/* Begin XCRemoteSwiftPackageReference section */
		89058E3C29B7046500A39615 /* XCRemoteSwiftPackageReference "SnapKit" */ = {
			isa = XCRemoteSwiftPackageReference;
			repositoryURL = "https://github.com/SnapKit/SnapKit.git";
			requirement = {
				kind = upToNextMajorVersion;
				minimumVersion = 5.0.1;
			};
		};
/* End XCRemoteSwiftPackageReference section */

/* Begin XCSwiftPackageProductDependency section */
		89058E3D29B7046500A39615 /* SnapKit */ = {
			isa = XCSwiftPackageProductDependency;
			package = 89058E3C29B7046500A39615 /* XCRemoteSwiftPackageReference "SnapKit" */;
			productName = SnapKit;
		};
/* End XCSwiftPackageProductDependency section */
	};
	rootObject = 89E3714229B481290048DAA9 /* Project object */;
}
