// !$*UTF8*$!
{
	archiveVersion = 1;
	classes = {
	};
	objectVersion = 56;
	objects = {

/* Begin PBXBuildFile section */
		89038A6B29C96A3C00238B75 /* SpeakingResultCollectionReusableView.swift in Sources */ = {isa = PBXBuildFile; fileRef = 89038A6A29C96A3C00238B75 /* SpeakingResultCollectionReusableView.swift */; };
		89038A6E29C98E8400238B75 /* Charts in Frameworks */ = {isa = PBXBuildFile; productRef = 89038A6D29C98E8400238B75 /* Charts */; };
		89054F7C29CD86140080E8B6 /* LoginViewController.swift in Sources */ = {isa = PBXBuildFile; fileRef = 89054F7B29CD86140080E8B6 /* LoginViewController.swift */; };
		89054F8029CD864B0080E8B6 /* LoginView.swift in Sources */ = {isa = PBXBuildFile; fileRef = 89054F7F29CD864B0080E8B6 /* LoginView.swift */; };
		89054F8229CD87FC0080E8B6 /* OnboardingTextField.swift in Sources */ = {isa = PBXBuildFile; fileRef = 89054F8129CD87FC0080E8B6 /* OnboardingTextField.swift */; };
		89058B5C29D7FF2D00A26B33 /* SPProfileEditView.swift in Sources */ = {isa = PBXBuildFile; fileRef = 89058B5B29D7FF2D00A26B33 /* SPProfileEditView.swift */; };
		89058E3E29B7046500A39615 /* SnapKit in Frameworks */ = {isa = PBXBuildFile; productRef = 89058E3D29B7046500A39615 /* SnapKit */; };
		89058E4629B7060D00A39615 /* Constants.swift in Sources */ = {isa = PBXBuildFile; fileRef = 89058E4529B7060D00A39615 /* Constants.swift */; };
		89058E4A29B7065400A39615 /* HomeView.swift in Sources */ = {isa = PBXBuildFile; fileRef = 89058E4929B7065400A39615 /* HomeView.swift */; };
		89058E4C29B70AAD00A39615 /* Color.swift in Sources */ = {isa = PBXBuildFile; fileRef = 89058E4B29B70AAD00A39615 /* Color.swift */; };
		890C47EE29BC417900AD4375 /* HomeSectionHeaderView.swift in Sources */ = {isa = PBXBuildFile; fileRef = 890C47ED29BC417900AD4375 /* HomeSectionHeaderView.swift */; };
		890C47F029BC43C400AD4375 /* SPTitleView.swift in Sources */ = {isa = PBXBuildFile; fileRef = 890C47EF29BC43C400AD4375 /* SPTitleView.swift */; };
		890C47F229BC61BD00AD4375 /* SPTextField.swift in Sources */ = {isa = PBXBuildFile; fileRef = 890C47F129BC61BD00AD4375 /* SPTextField.swift */; };
		890C47F429BC68A500AD4375 /* UITextField.swift in Sources */ = {isa = PBXBuildFile; fileRef = 890C47F329BC68A500AD4375 /* UITextField.swift */; };
		890C47F629BC70A300AD4375 /* UIViewController.swift in Sources */ = {isa = PBXBuildFile; fileRef = 890C47F529BC70A300AD4375 /* UIViewController.swift */; };
		890C47F829BC765900AD4375 /* SPFilterButton.swift in Sources */ = {isa = PBXBuildFile; fileRef = 890C47F729BC765900AD4375 /* SPFilterButton.swift */; };
		891A4B4E29DA7E0A000676BB /* Alamofire in Frameworks */ = {isa = PBXBuildFile; productRef = 891A4B4D29DA7E0A000676BB /* Alamofire */; };
		891A4B5129DA8050000676BB /* SignUpModel.swift in Sources */ = {isa = PBXBuildFile; fileRef = 891A4B5029DA8050000676BB /* SignUpModel.swift */; };
		891A4B5429DA8212000676BB /* AuthService.swift in Sources */ = {isa = PBXBuildFile; fileRef = 891A4B5329DA8212000676BB /* AuthService.swift */; };
		891A4B5629DAAD5A000676BB /* LoginModel.swift in Sources */ = {isa = PBXBuildFile; fileRef = 891A4B5529DAAD5A000676BB /* LoginModel.swift */; };
		891A4B5829DAB380000676BB /* SPUserDefaults.swift in Sources */ = {isa = PBXBuildFile; fileRef = 891A4B5729DAB380000676BB /* SPUserDefaults.swift */; };
		8939A64629BA1A7C0092C967 /* NSMutableAttributedString.swift in Sources */ = {isa = PBXBuildFile; fileRef = 8939A64529BA1A7C0092C967 /* NSMutableAttributedString.swift */; };
		8939A64829BA1B300092C967 /* FontSize.swift in Sources */ = {isa = PBXBuildFile; fileRef = 8939A64729BA1B300092C967 /* FontSize.swift */; };
		8939A64A29BA28A20092C967 /* NewSpeakingButtonView.swift in Sources */ = {isa = PBXBuildFile; fileRef = 8939A64929BA28A20092C967 /* NewSpeakingButtonView.swift */; };
		8939A64C29BA2C960092C967 /* UIImageView.swift in Sources */ = {isa = PBXBuildFile; fileRef = 8939A64B29BA2C960092C967 /* UIImageView.swift */; };
		8939A64E29BA358F0092C967 /* UIView.swift in Sources */ = {isa = PBXBuildFile; fileRef = 8939A64D29BA358F0092C967 /* UIView.swift */; };
		8939A65029BA367C0092C967 /* HomeHeaderView.swift in Sources */ = {isa = PBXBuildFile; fileRef = 8939A64F29BA367C0092C967 /* HomeHeaderView.swift */; };
		89479F2E29BCE08900C5D1ED /* HomeSpeakingTableViewCell.swift in Sources */ = {isa = PBXBuildFile; fileRef = 89479F2D29BCE08900C5D1ED /* HomeSpeakingTableViewCell.swift */; };
		89479F3029BCE12500C5D1ED /* HomeSpeakingCellView.swift in Sources */ = {isa = PBXBuildFile; fileRef = 89479F2F29BCE12500C5D1ED /* HomeSpeakingCellView.swift */; };
		89479F3229BCE47800C5D1ED /* MySpeakingStackView.swift in Sources */ = {isa = PBXBuildFile; fileRef = 89479F3129BCE47800C5D1ED /* MySpeakingStackView.swift */; };
		8948222329C02DC400DB2F12 /* NewSpeakingViewController.swift in Sources */ = {isa = PBXBuildFile; fileRef = 8948222229C02DC400DB2F12 /* NewSpeakingViewController.swift */; };
		8948222529C02DD300DB2F12 /* NewSpeakingView.swift in Sources */ = {isa = PBXBuildFile; fileRef = 8948222429C02DD300DB2F12 /* NewSpeakingView.swift */; };
		8948222729C03AAB00DB2F12 /* SPBottomButton.swift in Sources */ = {isa = PBXBuildFile; fileRef = 8948222629C03AAB00DB2F12 /* SPBottomButton.swift */; };
		8948222A29C043FF00DB2F12 /* SectionModel.swift in Sources */ = {isa = PBXBuildFile; fileRef = 8948222929C043FF00DB2F12 /* SectionModel.swift */; };
		8948222C29C045BC00DB2F12 /* NewSpeakingTitleTableViewCell.swift in Sources */ = {isa = PBXBuildFile; fileRef = 8948222B29C045BC00DB2F12 /* NewSpeakingTitleTableViewCell.swift */; };
		89558A6E2A1BBC79007FC8BF /* NewSpeakingModel.swift in Sources */ = {isa = PBXBuildFile; fileRef = 89558A6D2A1BBC79007FC8BF /* NewSpeakingModel.swift */; };
		8959C57B29D695FD00E20DE3 /* SignUpProfileViewController.swift in Sources */ = {isa = PBXBuildFile; fileRef = 8959C57A29D695FD00E20DE3 /* SignUpProfileViewController.swift */; };
		8959C57D29D6962900E20DE3 /* SignUpView.swift in Sources */ = {isa = PBXBuildFile; fileRef = 8959C57C29D6962900E20DE3 /* SignUpView.swift */; };
		8959C57F29D697E200E20DE3 /* NavigationDelegate.swift in Sources */ = {isa = PBXBuildFile; fileRef = 8959C57E29D697E200E20DE3 /* NavigationDelegate.swift */; };
		8959C58129D6A50300E20DE3 /* SignUpProfileView.swift in Sources */ = {isa = PBXBuildFile; fileRef = 8959C58029D6A50300E20DE3 /* SignUpProfileView.swift */; };
		8959C58329D6A50A00E20DE3 /* SignUpViewController.swift in Sources */ = {isa = PBXBuildFile; fileRef = 8959C58229D6A50A00E20DE3 /* SignUpViewController.swift */; };
		895A816F2A15701D0083C3CC /* Lottie in Frameworks */ = {isa = PBXBuildFile; productRef = 895A816E2A15701D0083C3CC /* Lottie */; };
		895A81732A15735C0083C3CC /* LoadingBar.json in Resources */ = {isa = PBXBuildFile; fileRef = 895A81722A15735C0083C3CC /* LoadingBar.json */; };
		89601C5429C0C804003A669E /* CategoryTableViewCell.swift in Sources */ = {isa = PBXBuildFile; fileRef = 89601C5329C0C804003A669E /* CategoryTableViewCell.swift */; };
		89601C5629C0D94B003A669E /* CategoryNewTableViewCell.swift in Sources */ = {isa = PBXBuildFile; fileRef = 89601C5529C0D94B003A669E /* CategoryNewTableViewCell.swift */; };
		897BFF3629D9E2D200D12C06 /* SignUpDoneView.swift in Sources */ = {isa = PBXBuildFile; fileRef = 897BFF3529D9E2D200D12C06 /* SignUpDoneView.swift */; };
		897BFF3829D9E37D00D12C06 /* SignUpDoneViewController.swift in Sources */ = {isa = PBXBuildFile; fileRef = 897BFF3729D9E37D00D12C06 /* SignUpDoneViewController.swift */; };
		898AA49729C6BC6400411364 /* SpeakingResultView.swift in Sources */ = {isa = PBXBuildFile; fileRef = 898AA49629C6BC6400411364 /* SpeakingResultView.swift */; };
		898AA49929C6BC6F00411364 /* SpeakingResultViewController.swift in Sources */ = {isa = PBXBuildFile; fileRef = 898AA49829C6BC6F00411364 /* SpeakingResultViewController.swift */; };
		898AA49C29C6D5AF00411364 /* SpeakingResultTextViewCollectionViewCell.swift in Sources */ = {isa = PBXBuildFile; fileRef = 898AA49B29C6D5AF00411364 /* SpeakingResultTextViewCollectionViewCell.swift */; };
		898AA49E29C6E53E00411364 /* PronunciationScoreCollectionViewCell.swift in Sources */ = {isa = PBXBuildFile; fileRef = 898AA49D29C6E53E00411364 /* PronunciationScoreCollectionViewCell.swift */; };
		898AA4A029C6E57700411364 /* SpeakingSpeedCollectionViewCell.swift in Sources */ = {isa = PBXBuildFile; fileRef = 898AA49F29C6E57700411364 /* SpeakingSpeedCollectionViewCell.swift */; };
		898CE57929C0809700724370 /* NewSpeakingCategoryTableViewCell.swift in Sources */ = {isa = PBXBuildFile; fileRef = 898CE57829C0809700724370 /* NewSpeakingCategoryTableViewCell.swift */; };
		898CE57B29C0812A00724370 /* NewSpeakingCategorySelectionView.swift in Sources */ = {isa = PBXBuildFile; fileRef = 898CE57A29C0812A00724370 /* NewSpeakingCategorySelectionView.swift */; };
		898CE57D29C08A4100724370 /* NewSpeakingFormalityTableViewCell.swift in Sources */ = {isa = PBXBuildFile; fileRef = 898CE57C29C08A4100724370 /* NewSpeakingFormalityTableViewCell.swift */; };
		898CE57F29C08AA500724370 /* NewSpeakingFormalityView.swift in Sources */ = {isa = PBXBuildFile; fileRef = 898CE57E29C08AA500724370 /* NewSpeakingFormalityView.swift */; };
		898CE58329C0933700724370 /* CategoryViewController.swift in Sources */ = {isa = PBXBuildFile; fileRef = 898CE58229C0933700724370 /* CategoryViewController.swift */; };
		898CE58529C0935000724370 /* CategoryView.swift in Sources */ = {isa = PBXBuildFile; fileRef = 898CE58429C0935000724370 /* CategoryView.swift */; };
		898F8F9729DDB4B900597DBF /* Image.swift in Sources */ = {isa = PBXBuildFile; fileRef = 898F8F9629DDB4B900597DBF /* Image.swift */; };
		898FCC102A160448004C2DA0 /* TimeInterval.swift in Sources */ = {isa = PBXBuildFile; fileRef = 898FCC0F2A160448004C2DA0 /* TimeInterval.swift */; };
		898FCC152A16F562004C2DA0 /* SpeakingResultModel.swift in Sources */ = {isa = PBXBuildFile; fileRef = 898FCC142A16F562004C2DA0 /* SpeakingResultModel.swift */; };
		898FCC172A170636004C2DA0 /* Done.json in Resources */ = {isa = PBXBuildFile; fileRef = 898FCC162A170636004C2DA0 /* Done.json */; };
		899704EB2A00C02600FD551D /* CategoryListModel.swift in Sources */ = {isa = PBXBuildFile; fileRef = 899704EA2A00C02600FD551D /* CategoryListModel.swift */; };
		899704ED2A00C06900FD551D /* CategoryService.swift in Sources */ = {isa = PBXBuildFile; fileRef = 899704EC2A00C06900FD551D /* CategoryService.swift */; };
		899704F02A00CB6A00FD551D /* NewCategoryModel.swift in Sources */ = {isa = PBXBuildFile; fileRef = 899704EF2A00CB6A00FD551D /* NewCategoryModel.swift */; };
		899AEE3029F2A80E002BE6A5 /* ProfileModel.swift in Sources */ = {isa = PBXBuildFile; fileRef = 899AEE2F29F2A80E002BE6A5 /* ProfileModel.swift */; };
		899AEE3229F2A87A002BE6A5 /* ProfileService.swift in Sources */ = {isa = PBXBuildFile; fileRef = 899AEE3129F2A87A002BE6A5 /* ProfileService.swift */; };
		899AEE3429F2AAB0002BE6A5 /* UserDefaultsManager.swift in Sources */ = {isa = PBXBuildFile; fileRef = 899AEE3329F2AAB0002BE6A5 /* UserDefaultsManager.swift */; };
		89A179B529C4A22E002BCF6C /* SPPlayerView.swift in Sources */ = {isa = PBXBuildFile; fileRef = 89A179B429C4A22E002BCF6C /* SPPlayerView.swift */; };
		89A179B829C4B346002BCF6C /* SpeakingResultLoadingView.swift in Sources */ = {isa = PBXBuildFile; fileRef = 89A179B729C4B346002BCF6C /* SpeakingResultLoadingView.swift */; };
		89A179BA29C4B354002BCF6C /* SpeakingResultLoadingViewController.swift in Sources */ = {isa = PBXBuildFile; fileRef = 89A179B929C4B354002BCF6C /* SpeakingResultLoadingViewController.swift */; };
		89A179BC29C4B66A002BCF6C /* SpeakingResultLoadingDoneViewController.swift in Sources */ = {isa = PBXBuildFile; fileRef = 89A179BB29C4B66A002BCF6C /* SpeakingResultLoadingDoneViewController.swift */; };
		89A179BE29C4B690002BCF6C /* SpeakingResultLoadingDoneView.swift in Sources */ = {isa = PBXBuildFile; fileRef = 89A179BD29C4B690002BCF6C /* SpeakingResultLoadingDoneView.swift */; };
		89AFB29B29EDAC5F001828B7 /* FileService.swift in Sources */ = {isa = PBXBuildFile; fileRef = 89AFB29A29EDAC5F001828B7 /* FileService.swift */; };
		89AFB29E29EDAD46001828B7 /* PresignedUrlModel.swift in Sources */ = {isa = PBXBuildFile; fileRef = 89AFB29D29EDAD46001828B7 /* PresignedUrlModel.swift */; };
		89AFB2A029EDB30B001828B7 /* FileServiceTest.swift in Sources */ = {isa = PBXBuildFile; fileRef = 89AFB29F29EDB30B001828B7 /* FileServiceTest.swift */; };
		89B867CE29CB54C500A97402 /* VocabularyCollectionViewCell.swift in Sources */ = {isa = PBXBuildFile; fileRef = 89B867CD29CB54C500A97402 /* VocabularyCollectionViewCell.swift */; };
		89B867D029CB655500A97402 /* FormalityCheckCollectionViewCell.swift in Sources */ = {isa = PBXBuildFile; fileRef = 89B867CF29CB655500A97402 /* FormalityCheckCollectionViewCell.swift */; };
		89B867D229CB65D800A97402 /* FormalitySentenceView.swift in Sources */ = {isa = PBXBuildFile; fileRef = 89B867D129CB65D800A97402 /* FormalitySentenceView.swift */; };
		89BF77AF29ED1C5A008A0FD7 /* MeModel.swift in Sources */ = {isa = PBXBuildFile; fileRef = 89BF77AE29ED1C5A008A0FD7 /* MeModel.swift */; };
		89BF77B129ED2841008A0FD7 /* KeychainManager.swift in Sources */ = {isa = PBXBuildFile; fileRef = 89BF77B029ED2841008A0FD7 /* KeychainManager.swift */; };
		89E268C22A11625B00AEA846 /* Realm in Frameworks */ = {isa = PBXBuildFile; productRef = 89E268C12A11625B00AEA846 /* Realm */; };
		89E268C42A11625B00AEA846 /* RealmSwift in Frameworks */ = {isa = PBXBuildFile; productRef = 89E268C32A11625B00AEA846 /* RealmSwift */; };
		89E268C62A11629F00AEA846 /* Audio.swift in Sources */ = {isa = PBXBuildFile; fileRef = 89E268C52A11629F00AEA846 /* Audio.swift */; };
		89E3714E29B481290048DAA9 /* AppDelegate.swift in Sources */ = {isa = PBXBuildFile; fileRef = 89E3714D29B481290048DAA9 /* AppDelegate.swift */; };
		89E3715029B481290048DAA9 /* SceneDelegate.swift in Sources */ = {isa = PBXBuildFile; fileRef = 89E3714F29B481290048DAA9 /* SceneDelegate.swift */; };
		89E3715229B481290048DAA9 /* HomeViewController.swift in Sources */ = {isa = PBXBuildFile; fileRef = 89E3715129B481290048DAA9 /* HomeViewController.swift */; };
		89E3715729B4812A0048DAA9 /* Assets.xcassets in Resources */ = {isa = PBXBuildFile; fileRef = 89E3715629B4812A0048DAA9 /* Assets.xcassets */; };
		89E3715A29B4812A0048DAA9 /* LaunchScreen.storyboard in Resources */ = {isa = PBXBuildFile; fileRef = 89E3715829B4812A0048DAA9 /* LaunchScreen.storyboard */; };
		89E3716529B4812A0048DAA9 /* SpeaKingTests.swift in Sources */ = {isa = PBXBuildFile; fileRef = 89E3716429B4812A0048DAA9 /* SpeaKingTests.swift */; };
		89E3716F29B4812A0048DAA9 /* SpeaKingUITests.swift in Sources */ = {isa = PBXBuildFile; fileRef = 89E3716E29B4812A0048DAA9 /* SpeaKingUITests.swift */; };
		89E3717129B4812A0048DAA9 /* SpeaKingUITestsLaunchTests.swift in Sources */ = {isa = PBXBuildFile; fileRef = 89E3717029B4812A0048DAA9 /* SpeaKingUITestsLaunchTests.swift */; };
		89F52DCD29C2FF38000A5EB4 /* NewCategoryViewController.swift in Sources */ = {isa = PBXBuildFile; fileRef = 89F52DCC29C2FF38000A5EB4 /* NewCategoryViewController.swift */; };
		89F52DCF29C2FF42000A5EB4 /* NewCategoryView.swift in Sources */ = {isa = PBXBuildFile; fileRef = 89F52DCE29C2FF42000A5EB4 /* NewCategoryView.swift */; };
		89F9BFCA29C436230017BAD8 /* RecordingViewController.swift in Sources */ = {isa = PBXBuildFile; fileRef = 89F9BFC929C436230017BAD8 /* RecordingViewController.swift */; };
		89F9BFCC29C4362F0017BAD8 /* RecordingView.swift in Sources */ = {isa = PBXBuildFile; fileRef = 89F9BFCB29C4362F0017BAD8 /* RecordingView.swift */; };
		89F9BFCE29C437020017BAD8 /* RecordingMicView.swift in Sources */ = {isa = PBXBuildFile; fileRef = 89F9BFCD29C437020017BAD8 /* RecordingMicView.swift */; };
		89F9BFD129C43FFB0017BAD8 /* STTLoadingView.swift in Sources */ = {isa = PBXBuildFile; fileRef = 89F9BFD029C43FFB0017BAD8 /* STTLoadingView.swift */; };
		89F9BFD329C440050017BAD8 /* STTLoadingViewController.swift in Sources */ = {isa = PBXBuildFile; fileRef = 89F9BFD229C440050017BAD8 /* STTLoadingViewController.swift */; };
		89F9BFD529C440630017BAD8 /* SPLoadingView.swift in Sources */ = {isa = PBXBuildFile; fileRef = 89F9BFD429C440630017BAD8 /* SPLoadingView.swift */; };
		89F9BFD729C447B70017BAD8 /* STTResultViewController.swift in Sources */ = {isa = PBXBuildFile; fileRef = 89F9BFD629C447B70017BAD8 /* STTResultViewController.swift */; };
		89F9BFD929C447CB0017BAD8 /* STTResultView.swift in Sources */ = {isa = PBXBuildFile; fileRef = 89F9BFD829C447CB0017BAD8 /* STTResultView.swift */; };
		89F9BFDB29C44C360017BAD8 /* SPResultTextView.swift in Sources */ = {isa = PBXBuildFile; fileRef = 89F9BFDA29C44C360017BAD8 /* SPResultTextView.swift */; };
		89FB9DE92A042B09001DF76E /* NewSpeakingInfo.swift in Sources */ = {isa = PBXBuildFile; fileRef = 89FB9DE82A042B09001DF76E /* NewSpeakingInfo.swift */; };
/* End PBXBuildFile section */

/* Begin PBXContainerItemProxy section */
		89E3716129B4812A0048DAA9 /* PBXContainerItemProxy */ = {
			isa = PBXContainerItemProxy;
			containerPortal = 89E3714229B481290048DAA9 /* Project object */;
			proxyType = 1;
			remoteGlobalIDString = 89E3714929B481290048DAA9;
			remoteInfo = SpeaKing;
		};
		89E3716B29B4812A0048DAA9 /* PBXContainerItemProxy */ = {
			isa = PBXContainerItemProxy;
			containerPortal = 89E3714229B481290048DAA9 /* Project object */;
			proxyType = 1;
			remoteGlobalIDString = 89E3714929B481290048DAA9;
			remoteInfo = SpeaKing;
		};
/* End PBXContainerItemProxy section */

/* Begin PBXFileReference section */
		89038A6A29C96A3C00238B75 /* SpeakingResultCollectionReusableView.swift */ = {isa = PBXFileReference; lastKnownFileType = sourcecode.swift; path = SpeakingResultCollectionReusableView.swift; sourceTree = "<group>"; };
		89054F7B29CD86140080E8B6 /* LoginViewController.swift */ = {isa = PBXFileReference; lastKnownFileType = sourcecode.swift; path = LoginViewController.swift; sourceTree = "<group>"; };
		89054F7F29CD864B0080E8B6 /* LoginView.swift */ = {isa = PBXFileReference; lastKnownFileType = sourcecode.swift; path = LoginView.swift; sourceTree = "<group>"; };
		89054F8129CD87FC0080E8B6 /* OnboardingTextField.swift */ = {isa = PBXFileReference; lastKnownFileType = sourcecode.swift; path = OnboardingTextField.swift; sourceTree = "<group>"; };
		89058B5B29D7FF2D00A26B33 /* SPProfileEditView.swift */ = {isa = PBXFileReference; lastKnownFileType = sourcecode.swift; path = SPProfileEditView.swift; sourceTree = "<group>"; };
		89058E4529B7060D00A39615 /* Constants.swift */ = {isa = PBXFileReference; lastKnownFileType = sourcecode.swift; path = Constants.swift; sourceTree = "<group>"; };
		89058E4929B7065400A39615 /* HomeView.swift */ = {isa = PBXFileReference; lastKnownFileType = sourcecode.swift; path = HomeView.swift; sourceTree = "<group>"; };
		89058E4B29B70AAD00A39615 /* Color.swift */ = {isa = PBXFileReference; lastKnownFileType = sourcecode.swift; path = Color.swift; sourceTree = "<group>"; };
		890C47ED29BC417900AD4375 /* HomeSectionHeaderView.swift */ = {isa = PBXFileReference; lastKnownFileType = sourcecode.swift; path = HomeSectionHeaderView.swift; sourceTree = "<group>"; };
		890C47EF29BC43C400AD4375 /* SPTitleView.swift */ = {isa = PBXFileReference; lastKnownFileType = sourcecode.swift; path = SPTitleView.swift; sourceTree = "<group>"; };
		890C47F129BC61BD00AD4375 /* SPTextField.swift */ = {isa = PBXFileReference; lastKnownFileType = sourcecode.swift; path = SPTextField.swift; sourceTree = "<group>"; };
		890C47F329BC68A500AD4375 /* UITextField.swift */ = {isa = PBXFileReference; lastKnownFileType = sourcecode.swift; path = UITextField.swift; sourceTree = "<group>"; };
		890C47F529BC70A300AD4375 /* UIViewController.swift */ = {isa = PBXFileReference; lastKnownFileType = sourcecode.swift; path = UIViewController.swift; sourceTree = "<group>"; };
		890C47F729BC765900AD4375 /* SPFilterButton.swift */ = {isa = PBXFileReference; lastKnownFileType = sourcecode.swift; path = SPFilterButton.swift; sourceTree = "<group>"; };
		891A4B5029DA8050000676BB /* SignUpModel.swift */ = {isa = PBXFileReference; lastKnownFileType = sourcecode.swift; path = SignUpModel.swift; sourceTree = "<group>"; };
		891A4B5329DA8212000676BB /* AuthService.swift */ = {isa = PBXFileReference; lastKnownFileType = sourcecode.swift; path = AuthService.swift; sourceTree = "<group>"; };
		891A4B5529DAAD5A000676BB /* LoginModel.swift */ = {isa = PBXFileReference; lastKnownFileType = sourcecode.swift; path = LoginModel.swift; sourceTree = "<group>"; };
		891A4B5729DAB380000676BB /* SPUserDefaults.swift */ = {isa = PBXFileReference; lastKnownFileType = sourcecode.swift; path = SPUserDefaults.swift; sourceTree = "<group>"; };
		8939A64529BA1A7C0092C967 /* NSMutableAttributedString.swift */ = {isa = PBXFileReference; lastKnownFileType = sourcecode.swift; path = NSMutableAttributedString.swift; sourceTree = "<group>"; };
		8939A64729BA1B300092C967 /* FontSize.swift */ = {isa = PBXFileReference; lastKnownFileType = sourcecode.swift; path = FontSize.swift; sourceTree = "<group>"; };
		8939A64929BA28A20092C967 /* NewSpeakingButtonView.swift */ = {isa = PBXFileReference; lastKnownFileType = sourcecode.swift; path = NewSpeakingButtonView.swift; sourceTree = "<group>"; };
		8939A64B29BA2C960092C967 /* UIImageView.swift */ = {isa = PBXFileReference; lastKnownFileType = sourcecode.swift; path = UIImageView.swift; sourceTree = "<group>"; };
		8939A64D29BA358F0092C967 /* UIView.swift */ = {isa = PBXFileReference; lastKnownFileType = sourcecode.swift; path = UIView.swift; sourceTree = "<group>"; };
		8939A64F29BA367C0092C967 /* HomeHeaderView.swift */ = {isa = PBXFileReference; lastKnownFileType = sourcecode.swift; path = HomeHeaderView.swift; sourceTree = "<group>"; };
		89479F2D29BCE08900C5D1ED /* HomeSpeakingTableViewCell.swift */ = {isa = PBXFileReference; lastKnownFileType = sourcecode.swift; path = HomeSpeakingTableViewCell.swift; sourceTree = "<group>"; };
		89479F2F29BCE12500C5D1ED /* HomeSpeakingCellView.swift */ = {isa = PBXFileReference; lastKnownFileType = sourcecode.swift; path = HomeSpeakingCellView.swift; sourceTree = "<group>"; };
		89479F3129BCE47800C5D1ED /* MySpeakingStackView.swift */ = {isa = PBXFileReference; lastKnownFileType = sourcecode.swift; path = MySpeakingStackView.swift; sourceTree = "<group>"; };
		8948222229C02DC400DB2F12 /* NewSpeakingViewController.swift */ = {isa = PBXFileReference; lastKnownFileType = sourcecode.swift; path = NewSpeakingViewController.swift; sourceTree = "<group>"; };
		8948222429C02DD300DB2F12 /* NewSpeakingView.swift */ = {isa = PBXFileReference; lastKnownFileType = sourcecode.swift; path = NewSpeakingView.swift; sourceTree = "<group>"; };
		8948222629C03AAB00DB2F12 /* SPBottomButton.swift */ = {isa = PBXFileReference; lastKnownFileType = sourcecode.swift; path = SPBottomButton.swift; sourceTree = "<group>"; };
		8948222929C043FF00DB2F12 /* SectionModel.swift */ = {isa = PBXFileReference; lastKnownFileType = sourcecode.swift; path = SectionModel.swift; sourceTree = "<group>"; };
		8948222B29C045BC00DB2F12 /* NewSpeakingTitleTableViewCell.swift */ = {isa = PBXFileReference; lastKnownFileType = sourcecode.swift; path = NewSpeakingTitleTableViewCell.swift; sourceTree = "<group>"; };
		89558A6D2A1BBC79007FC8BF /* NewSpeakingModel.swift */ = {isa = PBXFileReference; lastKnownFileType = sourcecode.swift; path = NewSpeakingModel.swift; sourceTree = "<group>"; };
		8959C57A29D695FD00E20DE3 /* SignUpProfileViewController.swift */ = {isa = PBXFileReference; lastKnownFileType = sourcecode.swift; path = SignUpProfileViewController.swift; sourceTree = "<group>"; };
		8959C57C29D6962900E20DE3 /* SignUpView.swift */ = {isa = PBXFileReference; lastKnownFileType = sourcecode.swift; path = SignUpView.swift; sourceTree = "<group>"; };
		8959C57E29D697E200E20DE3 /* NavigationDelegate.swift */ = {isa = PBXFileReference; lastKnownFileType = sourcecode.swift; path = NavigationDelegate.swift; sourceTree = "<group>"; };
		8959C58029D6A50300E20DE3 /* SignUpProfileView.swift */ = {isa = PBXFileReference; lastKnownFileType = sourcecode.swift; path = SignUpProfileView.swift; sourceTree = "<group>"; };
		8959C58229D6A50A00E20DE3 /* SignUpViewController.swift */ = {isa = PBXFileReference; lastKnownFileType = sourcecode.swift; name = SignUpViewController.swift; path = ../../View/Home/SignUpViewController.swift; sourceTree = "<group>"; };
		895A81722A15735C0083C3CC /* LoadingBar.json */ = {isa = PBXFileReference; fileEncoding = 4; lastKnownFileType = text.json; path = LoadingBar.json; sourceTree = "<group>"; };
		89601C5329C0C804003A669E /* CategoryTableViewCell.swift */ = {isa = PBXFileReference; lastKnownFileType = sourcecode.swift; path = CategoryTableViewCell.swift; sourceTree = "<group>"; };
		89601C5529C0D94B003A669E /* CategoryNewTableViewCell.swift */ = {isa = PBXFileReference; lastKnownFileType = sourcecode.swift; path = CategoryNewTableViewCell.swift; sourceTree = "<group>"; };
		897BFF3529D9E2D200D12C06 /* SignUpDoneView.swift */ = {isa = PBXFileReference; lastKnownFileType = sourcecode.swift; path = SignUpDoneView.swift; sourceTree = "<group>"; };
		897BFF3729D9E37D00D12C06 /* SignUpDoneViewController.swift */ = {isa = PBXFileReference; lastKnownFileType = sourcecode.swift; path = SignUpDoneViewController.swift; sourceTree = "<group>"; };
		898AA49629C6BC6400411364 /* SpeakingResultView.swift */ = {isa = PBXFileReference; lastKnownFileType = sourcecode.swift; path = SpeakingResultView.swift; sourceTree = "<group>"; };
		898AA49829C6BC6F00411364 /* SpeakingResultViewController.swift */ = {isa = PBXFileReference; lastKnownFileType = sourcecode.swift; path = SpeakingResultViewController.swift; sourceTree = "<group>"; };
		898AA49B29C6D5AF00411364 /* SpeakingResultTextViewCollectionViewCell.swift */ = {isa = PBXFileReference; lastKnownFileType = sourcecode.swift; path = SpeakingResultTextViewCollectionViewCell.swift; sourceTree = "<group>"; };
		898AA49D29C6E53E00411364 /* PronunciationScoreCollectionViewCell.swift */ = {isa = PBXFileReference; lastKnownFileType = sourcecode.swift; path = PronunciationScoreCollectionViewCell.swift; sourceTree = "<group>"; };
		898AA49F29C6E57700411364 /* SpeakingSpeedCollectionViewCell.swift */ = {isa = PBXFileReference; lastKnownFileType = sourcecode.swift; path = SpeakingSpeedCollectionViewCell.swift; sourceTree = "<group>"; };
		898CE57829C0809700724370 /* NewSpeakingCategoryTableViewCell.swift */ = {isa = PBXFileReference; lastKnownFileType = sourcecode.swift; path = NewSpeakingCategoryTableViewCell.swift; sourceTree = "<group>"; };
		898CE57A29C0812A00724370 /* NewSpeakingCategorySelectionView.swift */ = {isa = PBXFileReference; lastKnownFileType = sourcecode.swift; path = NewSpeakingCategorySelectionView.swift; sourceTree = "<group>"; };
		898CE57C29C08A4100724370 /* NewSpeakingFormalityTableViewCell.swift */ = {isa = PBXFileReference; lastKnownFileType = sourcecode.swift; path = NewSpeakingFormalityTableViewCell.swift; sourceTree = "<group>"; };
		898CE57E29C08AA500724370 /* NewSpeakingFormalityView.swift */ = {isa = PBXFileReference; lastKnownFileType = sourcecode.swift; path = NewSpeakingFormalityView.swift; sourceTree = "<group>"; };
		898CE58229C0933700724370 /* CategoryViewController.swift */ = {isa = PBXFileReference; lastKnownFileType = sourcecode.swift; path = CategoryViewController.swift; sourceTree = "<group>"; };
		898CE58429C0935000724370 /* CategoryView.swift */ = {isa = PBXFileReference; lastKnownFileType = sourcecode.swift; path = CategoryView.swift; sourceTree = "<group>"; };
		898F8F9629DDB4B900597DBF /* Image.swift */ = {isa = PBXFileReference; lastKnownFileType = sourcecode.swift; path = Image.swift; sourceTree = "<group>"; };
		898FCC0F2A160448004C2DA0 /* TimeInterval.swift */ = {isa = PBXFileReference; lastKnownFileType = sourcecode.swift; path = TimeInterval.swift; sourceTree = "<group>"; };
		898FCC142A16F562004C2DA0 /* SpeakingResultModel.swift */ = {isa = PBXFileReference; lastKnownFileType = sourcecode.swift; path = SpeakingResultModel.swift; sourceTree = "<group>"; };
		898FCC162A170636004C2DA0 /* Done.json */ = {isa = PBXFileReference; fileEncoding = 4; lastKnownFileType = text.json; path = Done.json; sourceTree = "<group>"; };
		899704EA2A00C02600FD551D /* CategoryListModel.swift */ = {isa = PBXFileReference; lastKnownFileType = sourcecode.swift; path = CategoryListModel.swift; sourceTree = "<group>"; };
		899704EC2A00C06900FD551D /* CategoryService.swift */ = {isa = PBXFileReference; lastKnownFileType = sourcecode.swift; path = CategoryService.swift; sourceTree = "<group>"; };
		899704EF2A00CB6A00FD551D /* NewCategoryModel.swift */ = {isa = PBXFileReference; lastKnownFileType = sourcecode.swift; path = NewCategoryModel.swift; sourceTree = "<group>"; };
		899AEE2F29F2A80E002BE6A5 /* ProfileModel.swift */ = {isa = PBXFileReference; lastKnownFileType = sourcecode.swift; path = ProfileModel.swift; sourceTree = "<group>"; };
		899AEE3129F2A87A002BE6A5 /* ProfileService.swift */ = {isa = PBXFileReference; lastKnownFileType = sourcecode.swift; path = ProfileService.swift; sourceTree = "<group>"; };
		899AEE3329F2AAB0002BE6A5 /* UserDefaultsManager.swift */ = {isa = PBXFileReference; lastKnownFileType = sourcecode.swift; path = UserDefaultsManager.swift; sourceTree = "<group>"; };
		89A179B429C4A22E002BCF6C /* SPPlayerView.swift */ = {isa = PBXFileReference; lastKnownFileType = sourcecode.swift; path = SPPlayerView.swift; sourceTree = "<group>"; };
		89A179B729C4B346002BCF6C /* SpeakingResultLoadingView.swift */ = {isa = PBXFileReference; lastKnownFileType = sourcecode.swift; path = SpeakingResultLoadingView.swift; sourceTree = "<group>"; };
		89A179B929C4B354002BCF6C /* SpeakingResultLoadingViewController.swift */ = {isa = PBXFileReference; lastKnownFileType = sourcecode.swift; path = SpeakingResultLoadingViewController.swift; sourceTree = "<group>"; };
		89A179BB29C4B66A002BCF6C /* SpeakingResultLoadingDoneViewController.swift */ = {isa = PBXFileReference; lastKnownFileType = sourcecode.swift; path = SpeakingResultLoadingDoneViewController.swift; sourceTree = "<group>"; };
		89A179BD29C4B690002BCF6C /* SpeakingResultLoadingDoneView.swift */ = {isa = PBXFileReference; lastKnownFileType = sourcecode.swift; path = SpeakingResultLoadingDoneView.swift; sourceTree = "<group>"; };
		89AFB29A29EDAC5F001828B7 /* FileService.swift */ = {isa = PBXFileReference; lastKnownFileType = sourcecode.swift; path = FileService.swift; sourceTree = "<group>"; };
		89AFB29D29EDAD46001828B7 /* PresignedUrlModel.swift */ = {isa = PBXFileReference; lastKnownFileType = sourcecode.swift; path = PresignedUrlModel.swift; sourceTree = "<group>"; };
		89AFB29F29EDB30B001828B7 /* FileServiceTest.swift */ = {isa = PBXFileReference; lastKnownFileType = sourcecode.swift; path = FileServiceTest.swift; sourceTree = "<group>"; };
		89B867CD29CB54C500A97402 /* VocabularyCollectionViewCell.swift */ = {isa = PBXFileReference; lastKnownFileType = sourcecode.swift; path = VocabularyCollectionViewCell.swift; sourceTree = "<group>"; };
		89B867CF29CB655500A97402 /* FormalityCheckCollectionViewCell.swift */ = {isa = PBXFileReference; lastKnownFileType = sourcecode.swift; path = FormalityCheckCollectionViewCell.swift; sourceTree = "<group>"; };
		89B867D129CB65D800A97402 /* FormalitySentenceView.swift */ = {isa = PBXFileReference; lastKnownFileType = sourcecode.swift; path = FormalitySentenceView.swift; sourceTree = "<group>"; };
		89BF77AE29ED1C5A008A0FD7 /* MeModel.swift */ = {isa = PBXFileReference; lastKnownFileType = sourcecode.swift; path = MeModel.swift; sourceTree = "<group>"; };
		89BF77B029ED2841008A0FD7 /* KeychainManager.swift */ = {isa = PBXFileReference; lastKnownFileType = sourcecode.swift; path = KeychainManager.swift; sourceTree = "<group>"; };
		89E268C52A11629F00AEA846 /* Audio.swift */ = {isa = PBXFileReference; lastKnownFileType = sourcecode.swift; path = Audio.swift; sourceTree = "<group>"; };
		89E3714A29B481290048DAA9 /* SpeaKing.app */ = {isa = PBXFileReference; explicitFileType = wrapper.application; includeInIndex = 0; path = SpeaKing.app; sourceTree = BUILT_PRODUCTS_DIR; };
		89E3714D29B481290048DAA9 /* AppDelegate.swift */ = {isa = PBXFileReference; lastKnownFileType = sourcecode.swift; path = AppDelegate.swift; sourceTree = "<group>"; };
		89E3714F29B481290048DAA9 /* SceneDelegate.swift */ = {isa = PBXFileReference; lastKnownFileType = sourcecode.swift; path = SceneDelegate.swift; sourceTree = "<group>"; };
		89E3715129B481290048DAA9 /* HomeViewController.swift */ = {isa = PBXFileReference; lastKnownFileType = sourcecode.swift; path = HomeViewController.swift; sourceTree = "<group>"; };
		89E3715629B4812A0048DAA9 /* Assets.xcassets */ = {isa = PBXFileReference; lastKnownFileType = folder.assetcatalog; path = Assets.xcassets; sourceTree = "<group>"; };
		89E3715929B4812A0048DAA9 /* Base */ = {isa = PBXFileReference; lastKnownFileType = file.storyboard; name = Base; path = Base.lproj/LaunchScreen.storyboard; sourceTree = "<group>"; };
		89E3715B29B4812A0048DAA9 /* Info.plist */ = {isa = PBXFileReference; lastKnownFileType = text.plist.xml; path = Info.plist; sourceTree = "<group>"; };
		89E3716029B4812A0048DAA9 /* SpeaKingTests.xctest */ = {isa = PBXFileReference; explicitFileType = wrapper.cfbundle; includeInIndex = 0; path = SpeaKingTests.xctest; sourceTree = BUILT_PRODUCTS_DIR; };
		89E3716429B4812A0048DAA9 /* SpeaKingTests.swift */ = {isa = PBXFileReference; lastKnownFileType = sourcecode.swift; path = SpeaKingTests.swift; sourceTree = "<group>"; };
		89E3716A29B4812A0048DAA9 /* SpeaKingUITests.xctest */ = {isa = PBXFileReference; explicitFileType = wrapper.cfbundle; includeInIndex = 0; path = SpeaKingUITests.xctest; sourceTree = BUILT_PRODUCTS_DIR; };
		89E3716E29B4812A0048DAA9 /* SpeaKingUITests.swift */ = {isa = PBXFileReference; lastKnownFileType = sourcecode.swift; path = SpeaKingUITests.swift; sourceTree = "<group>"; };
		89E3717029B4812A0048DAA9 /* SpeaKingUITestsLaunchTests.swift */ = {isa = PBXFileReference; lastKnownFileType = sourcecode.swift; path = SpeaKingUITestsLaunchTests.swift; sourceTree = "<group>"; };
		89F52DCC29C2FF38000A5EB4 /* NewCategoryViewController.swift */ = {isa = PBXFileReference; lastKnownFileType = sourcecode.swift; path = NewCategoryViewController.swift; sourceTree = "<group>"; };
		89F52DCE29C2FF42000A5EB4 /* NewCategoryView.swift */ = {isa = PBXFileReference; lastKnownFileType = sourcecode.swift; path = NewCategoryView.swift; sourceTree = "<group>"; };
		89F9BFC929C436230017BAD8 /* RecordingViewController.swift */ = {isa = PBXFileReference; lastKnownFileType = sourcecode.swift; path = RecordingViewController.swift; sourceTree = "<group>"; };
		89F9BFCB29C4362F0017BAD8 /* RecordingView.swift */ = {isa = PBXFileReference; lastKnownFileType = sourcecode.swift; path = RecordingView.swift; sourceTree = "<group>"; };
		89F9BFCD29C437020017BAD8 /* RecordingMicView.swift */ = {isa = PBXFileReference; lastKnownFileType = sourcecode.swift; path = RecordingMicView.swift; sourceTree = "<group>"; };
		89F9BFD029C43FFB0017BAD8 /* STTLoadingView.swift */ = {isa = PBXFileReference; lastKnownFileType = sourcecode.swift; path = STTLoadingView.swift; sourceTree = "<group>"; };
		89F9BFD229C440050017BAD8 /* STTLoadingViewController.swift */ = {isa = PBXFileReference; lastKnownFileType = sourcecode.swift; path = STTLoadingViewController.swift; sourceTree = "<group>"; };
		89F9BFD429C440630017BAD8 /* SPLoadingView.swift */ = {isa = PBXFileReference; lastKnownFileType = sourcecode.swift; path = SPLoadingView.swift; sourceTree = "<group>"; };
		89F9BFD629C447B70017BAD8 /* STTResultViewController.swift */ = {isa = PBXFileReference; lastKnownFileType = sourcecode.swift; path = STTResultViewController.swift; sourceTree = "<group>"; };
		89F9BFD829C447CB0017BAD8 /* STTResultView.swift */ = {isa = PBXFileReference; lastKnownFileType = sourcecode.swift; path = STTResultView.swift; sourceTree = "<group>"; };
		89F9BFDA29C44C360017BAD8 /* SPResultTextView.swift */ = {isa = PBXFileReference; lastKnownFileType = sourcecode.swift; path = SPResultTextView.swift; sourceTree = "<group>"; };
		89FB9DE82A042B09001DF76E /* NewSpeakingInfo.swift */ = {isa = PBXFileReference; lastKnownFileType = sourcecode.swift; path = NewSpeakingInfo.swift; sourceTree = "<group>"; };
/* End PBXFileReference section */

/* Begin PBXFrameworksBuildPhase section */
		89E3714729B481290048DAA9 /* Frameworks */ = {
			isa = PBXFrameworksBuildPhase;
			buildActionMask = 2147483647;
			files = (
				891A4B4E29DA7E0A000676BB /* Alamofire in Frameworks */,
				89058E3E29B7046500A39615 /* SnapKit in Frameworks */,
				89E268C22A11625B00AEA846 /* Realm in Frameworks */,
				89E268C42A11625B00AEA846 /* RealmSwift in Frameworks */,
				89038A6E29C98E8400238B75 /* Charts in Frameworks */,
				895A816F2A15701D0083C3CC /* Lottie in Frameworks */,
			);
			runOnlyForDeploymentPostprocessing = 0;
		};
		89E3715D29B4812A0048DAA9 /* Frameworks */ = {
			isa = PBXFrameworksBuildPhase;
			buildActionMask = 2147483647;
			files = (
			);
			runOnlyForDeploymentPostprocessing = 0;
		};
		89E3716729B4812A0048DAA9 /* Frameworks */ = {
			isa = PBXFrameworksBuildPhase;
			buildActionMask = 2147483647;
			files = (
			);
			runOnlyForDeploymentPostprocessing = 0;
		};
/* End PBXFrameworksBuildPhase section */

/* Begin PBXGroup section */
		89054F7A29CD86020080E8B6 /* Login */ = {
			isa = PBXGroup;
			children = (
				89054F7B29CD86140080E8B6 /* LoginViewController.swift */,
				8959C58229D6A50A00E20DE3 /* SignUpViewController.swift */,
				8959C57A29D695FD00E20DE3 /* SignUpProfileViewController.swift */,
				897BFF3729D9E37D00D12C06 /* SignUpDoneViewController.swift */,
			);
			path = Login;
			sourceTree = "<group>";
		};
		89054F7D29CD86390080E8B6 /* Common */ = {
			isa = PBXGroup;
			children = (
				890C47EF29BC43C400AD4375 /* SPTitleView.swift */,
				890C47F129BC61BD00AD4375 /* SPTextField.swift */,
				890C47F729BC765900AD4375 /* SPFilterButton.swift */,
				8948222629C03AAB00DB2F12 /* SPBottomButton.swift */,
				89F9BFD429C440630017BAD8 /* SPLoadingView.swift */,
				89F9BFDA29C44C360017BAD8 /* SPResultTextView.swift */,
				89A179B429C4A22E002BCF6C /* SPPlayerView.swift */,
				89058B5B29D7FF2D00A26B33 /* SPProfileEditView.swift */,
				8959C57E29D697E200E20DE3 /* NavigationDelegate.swift */,
			);
			path = Common;
			sourceTree = "<group>";
		};
		89054F7E29CD86410080E8B6 /* Login */ = {
			isa = PBXGroup;
			children = (
				89054F8129CD87FC0080E8B6 /* OnboardingTextField.swift */,
				89054F7F29CD864B0080E8B6 /* LoginView.swift */,
				8959C57C29D6962900E20DE3 /* SignUpView.swift */,
				8959C58029D6A50300E20DE3 /* SignUpProfileView.swift */,
				897BFF3529D9E2D200D12C06 /* SignUpDoneView.swift */,
			);
			path = Login;
			sourceTree = "<group>";
		};
		89058E3F29B705B000A39615 /* Model */ = {
			isa = PBXGroup;
			children = (
				8948222829C043F400DB2F12 /* Models */,
				891A4B5229DA81EC000676BB /* Services */,
				89058E4429B7060300A39615 /* Extensions */,
				89058E4329B705FB00A39615 /* Helpers */,
			);
			path = Model;
			sourceTree = "<group>";
		};
		89058E4029B705B500A39615 /* View */ = {
			isa = PBXGroup;
			children = (
				89054F7D29CD86390080E8B6 /* Common */,
				89054F7E29CD86410080E8B6 /* Login */,
				89058E4229B705E400A39615 /* Home */,
				8948222129C02DAC00DB2F12 /* NewSpeaking */,
				897F6A2F29C5FFB8000B8E33 /* SpeakingResult */,
			);
			path = View;
			sourceTree = "<group>";
		};
		89058E4129B705B800A39615 /* Controller */ = {
			isa = PBXGroup;
			children = (
				89054F7A29CD86020080E8B6 /* Login */,
				89E3715129B481290048DAA9 /* HomeViewController.swift */,
				898AA49529C6BC2300411364 /* NewSpeaking */,
				898AA49829C6BC6F00411364 /* SpeakingResultViewController.swift */,
			);
			path = Controller;
			sourceTree = "<group>";
		};
		89058E4229B705E400A39615 /* Home */ = {
			isa = PBXGroup;
			children = (
				89058E4929B7065400A39615 /* HomeView.swift */,
				8939A64F29BA367C0092C967 /* HomeHeaderView.swift */,
				8939A64929BA28A20092C967 /* NewSpeakingButtonView.swift */,
				890C47ED29BC417900AD4375 /* HomeSectionHeaderView.swift */,
				89479F2D29BCE08900C5D1ED /* HomeSpeakingTableViewCell.swift */,
				89479F2F29BCE12500C5D1ED /* HomeSpeakingCellView.swift */,
				89479F3129BCE47800C5D1ED /* MySpeakingStackView.swift */,
			);
			path = Home;
			sourceTree = "<group>";
		};
		89058E4329B705FB00A39615 /* Helpers */ = {
			isa = PBXGroup;
			children = (
				89058E4529B7060D00A39615 /* Constants.swift */,
				89BF77B029ED2841008A0FD7 /* KeychainManager.swift */,
				891A4B5729DAB380000676BB /* SPUserDefaults.swift */,
				899AEE3329F2AAB0002BE6A5 /* UserDefaultsManager.swift */,
				89058E4B29B70AAD00A39615 /* Color.swift */,
				8939A64729BA1B300092C967 /* FontSize.swift */,
				898F8F9629DDB4B900597DBF /* Image.swift */,
			);
			path = Helpers;
			sourceTree = "<group>";
		};
		89058E4429B7060300A39615 /* Extensions */ = {
			isa = PBXGroup;
			children = (
				8939A64529BA1A7C0092C967 /* NSMutableAttributedString.swift */,
				8939A64B29BA2C960092C967 /* UIImageView.swift */,
				8939A64D29BA358F0092C967 /* UIView.swift */,
				890C47F329BC68A500AD4375 /* UITextField.swift */,
				890C47F529BC70A300AD4375 /* UIViewController.swift */,
				898FCC0F2A160448004C2DA0 /* TimeInterval.swift */,
			);
			path = Extensions;
			sourceTree = "<group>";
		};
		891A4B4F29DA8049000676BB /* Auth */ = {
			isa = PBXGroup;
			children = (
				891A4B5029DA8050000676BB /* SignUpModel.swift */,
				891A4B5529DAAD5A000676BB /* LoginModel.swift */,
				89BF77AE29ED1C5A008A0FD7 /* MeModel.swift */,
			);
			path = Auth;
			sourceTree = "<group>";
		};
		891A4B5229DA81EC000676BB /* Services */ = {
			isa = PBXGroup;
			children = (
				891A4B5329DA8212000676BB /* AuthService.swift */,
				89AFB29A29EDAC5F001828B7 /* FileService.swift */,
				899AEE3129F2A87A002BE6A5 /* ProfileService.swift */,
				899704EC2A00C06900FD551D /* CategoryService.swift */,
			);
			path = Services;
			sourceTree = "<group>";
		};
		8948222129C02DAC00DB2F12 /* NewSpeaking */ = {
			isa = PBXGroup;
			children = (
				898CE58029C0931800724370 /* NewSpeaking */,
				898CE58129C0932400724370 /* Category */,
				89F9BFC829C4313A0017BAD8 /* Recording */,
				89F9BFCF29C43FE40017BAD8 /* STT */,
				89A179B629C4B32F002BCF6C /* SpeakingResult */,
			);
			path = NewSpeaking;
			sourceTree = "<group>";
		};
		8948222829C043F400DB2F12 /* Models */ = {
			isa = PBXGroup;
			children = (
				899704E92A00C01500FD551D /* Category */,
				89AFB29C29EDAD3D001828B7 /* File */,
				891A4B4F29DA8049000676BB /* Auth */,
				899AEE2E29F2A7FC002BE6A5 /* Profile */,
				89558A6C2A1BBC64007FC8BF /* Speaking */,
				8948222929C043FF00DB2F12 /* SectionModel.swift */,
				89FB9DE82A042B09001DF76E /* NewSpeakingInfo.swift */,
				89E268C52A11629F00AEA846 /* Audio.swift */,
				898FCC142A16F562004C2DA0 /* SpeakingResultModel.swift */,
			);
			path = Models;
			sourceTree = "<group>";
		};
		89558A6C2A1BBC64007FC8BF /* Speaking */ = {
			isa = PBXGroup;
			children = (
				89558A6D2A1BBC79007FC8BF /* NewSpeakingModel.swift */,
			);
			path = Speaking;
			sourceTree = "<group>";
		};
		897F6A2F29C5FFB8000B8E33 /* SpeakingResult */ = {
			isa = PBXGroup;
			children = (
				89B867D129CB65D800A97402 /* FormalitySentenceView.swift */,
				898AA49A29C6D57200411364 /* Cell */,
				898AA49629C6BC6400411364 /* SpeakingResultView.swift */,
			);
			path = SpeakingResult;
			sourceTree = "<group>";
		};
		898AA49529C6BC2300411364 /* NewSpeaking */ = {
			isa = PBXGroup;
			children = (
				8948222229C02DC400DB2F12 /* NewSpeakingViewController.swift */,
				898CE58229C0933700724370 /* CategoryViewController.swift */,
				89F52DCC29C2FF38000A5EB4 /* NewCategoryViewController.swift */,
				89F9BFC929C436230017BAD8 /* RecordingViewController.swift */,
				89F9BFD229C440050017BAD8 /* STTLoadingViewController.swift */,
				89F9BFD629C447B70017BAD8 /* STTResultViewController.swift */,
				89A179B929C4B354002BCF6C /* SpeakingResultLoadingViewController.swift */,
				89A179BB29C4B66A002BCF6C /* SpeakingResultLoadingDoneViewController.swift */,
			);
			path = NewSpeaking;
			sourceTree = "<group>";
		};
		898AA49A29C6D57200411364 /* Cell */ = {
			isa = PBXGroup;
			children = (
				89038A6A29C96A3C00238B75 /* SpeakingResultCollectionReusableView.swift */,
				898AA49B29C6D5AF00411364 /* SpeakingResultTextViewCollectionViewCell.swift */,
				898AA49D29C6E53E00411364 /* PronunciationScoreCollectionViewCell.swift */,
				898AA49F29C6E57700411364 /* SpeakingSpeedCollectionViewCell.swift */,
				89B867CF29CB655500A97402 /* FormalityCheckCollectionViewCell.swift */,
				89B867CD29CB54C500A97402 /* VocabularyCollectionViewCell.swift */,
			);
			path = Cell;
			sourceTree = "<group>";
		};
		898CE58029C0931800724370 /* NewSpeaking */ = {
			isa = PBXGroup;
			children = (
				8948222429C02DD300DB2F12 /* NewSpeakingView.swift */,
				8948222B29C045BC00DB2F12 /* NewSpeakingTitleTableViewCell.swift */,
				898CE57A29C0812A00724370 /* NewSpeakingCategorySelectionView.swift */,
				898CE57829C0809700724370 /* NewSpeakingCategoryTableViewCell.swift */,
				898CE57E29C08AA500724370 /* NewSpeakingFormalityView.swift */,
				898CE57C29C08A4100724370 /* NewSpeakingFormalityTableViewCell.swift */,
			);
			path = NewSpeaking;
			sourceTree = "<group>";
		};
		898CE58129C0932400724370 /* Category */ = {
			isa = PBXGroup;
			children = (
				898CE58429C0935000724370 /* CategoryView.swift */,
				89601C5529C0D94B003A669E /* CategoryNewTableViewCell.swift */,
				89601C5329C0C804003A669E /* CategoryTableViewCell.swift */,
				89F52DCE29C2FF42000A5EB4 /* NewCategoryView.swift */,
			);
			path = Category;
			sourceTree = "<group>";
		};
		899704E92A00C01500FD551D /* Category */ = {
			isa = PBXGroup;
			children = (
				899704EA2A00C02600FD551D /* CategoryListModel.swift */,
				899704EF2A00CB6A00FD551D /* NewCategoryModel.swift */,
			);
			path = Category;
			sourceTree = "<group>";
		};
		899AEE2E29F2A7FC002BE6A5 /* Profile */ = {
			isa = PBXGroup;
			children = (
				899AEE2F29F2A80E002BE6A5 /* ProfileModel.swift */,
			);
			path = Profile;
			sourceTree = "<group>";
		};
		89A179B629C4B32F002BCF6C /* SpeakingResult */ = {
			isa = PBXGroup;
			children = (
				89A179B729C4B346002BCF6C /* SpeakingResultLoadingView.swift */,
				89A179BD29C4B690002BCF6C /* SpeakingResultLoadingDoneView.swift */,
			);
			path = SpeakingResult;
			sourceTree = "<group>";
		};
		89AFB29C29EDAD3D001828B7 /* File */ = {
			isa = PBXGroup;
			children = (
				89AFB29D29EDAD46001828B7 /* PresignedUrlModel.swift */,
			);
			path = File;
			sourceTree = "<group>";
		};
		89E3714129B481290048DAA9 = {
			isa = PBXGroup;
			children = (
				89E3714C29B481290048DAA9 /* SpeaKing */,
				89E3716329B4812A0048DAA9 /* SpeaKingTests */,
				89E3716D29B4812A0048DAA9 /* SpeaKingUITests */,
				89E3714B29B481290048DAA9 /* Products */,
			);
			sourceTree = "<group>";
		};
		89E3714B29B481290048DAA9 /* Products */ = {
			isa = PBXGroup;
			children = (
				89E3714A29B481290048DAA9 /* SpeaKing.app */,
				89E3716029B4812A0048DAA9 /* SpeaKingTests.xctest */,
				89E3716A29B4812A0048DAA9 /* SpeaKingUITests.xctest */,
			);
			name = Products;
			sourceTree = "<group>";
		};
		89E3714C29B481290048DAA9 /* SpeaKing */ = {
			isa = PBXGroup;
			children = (
				89058E3F29B705B000A39615 /* Model */,
				89058E4029B705B500A39615 /* View */,
				89058E4129B705B800A39615 /* Controller */,
				89E3714D29B481290048DAA9 /* AppDelegate.swift */,
				89E3714F29B481290048DAA9 /* SceneDelegate.swift */,
				895A81722A15735C0083C3CC /* LoadingBar.json */,
				898FCC162A170636004C2DA0 /* Done.json */,
				89E3715629B4812A0048DAA9 /* Assets.xcassets */,
				89E3715829B4812A0048DAA9 /* LaunchScreen.storyboard */,
				89E3715B29B4812A0048DAA9 /* Info.plist */,
			);
			path = SpeaKing;
			sourceTree = "<group>";
		};
		89E3716329B4812A0048DAA9 /* SpeaKingTests */ = {
			isa = PBXGroup;
			children = (
				89E3716429B4812A0048DAA9 /* SpeaKingTests.swift */,
				89AFB29F29EDB30B001828B7 /* FileServiceTest.swift */,
			);
			path = SpeaKingTests;
			sourceTree = "<group>";
		};
		89E3716D29B4812A0048DAA9 /* SpeaKingUITests */ = {
			isa = PBXGroup;
			children = (
				89E3716E29B4812A0048DAA9 /* SpeaKingUITests.swift */,
				89E3717029B4812A0048DAA9 /* SpeaKingUITestsLaunchTests.swift */,
			);
			path = SpeaKingUITests;
			sourceTree = "<group>";
		};
		89F9BFC829C4313A0017BAD8 /* Recording */ = {
			isa = PBXGroup;
			children = (
				89F9BFCB29C4362F0017BAD8 /* RecordingView.swift */,
				89F9BFCD29C437020017BAD8 /* RecordingMicView.swift */,
			);
			path = Recording;
			sourceTree = "<group>";
		};
		89F9BFCF29C43FE40017BAD8 /* STT */ = {
			isa = PBXGroup;
			children = (
				89F9BFD029C43FFB0017BAD8 /* STTLoadingView.swift */,
				89F9BFD829C447CB0017BAD8 /* STTResultView.swift */,
			);
			path = STT;
			sourceTree = "<group>";
		};
/* End PBXGroup section */

/* Begin PBXNativeTarget section */
		89E3714929B481290048DAA9 /* SpeaKing */ = {
			isa = PBXNativeTarget;
			buildConfigurationList = 89E3717429B4812A0048DAA9 /* Build configuration list for PBXNativeTarget "SpeaKing" */;
			buildPhases = (
				89E3714629B481290048DAA9 /* Sources */,
				89E3714729B481290048DAA9 /* Frameworks */,
				89E3714829B481290048DAA9 /* Resources */,
			);
			buildRules = (
			);
			dependencies = (
			);
			name = SpeaKing;
			packageProductDependencies = (
				89058E3D29B7046500A39615 /* SnapKit */,
				89038A6D29C98E8400238B75 /* Charts */,
				891A4B4D29DA7E0A000676BB /* Alamofire */,
				89E268C12A11625B00AEA846 /* Realm */,
				89E268C32A11625B00AEA846 /* RealmSwift */,
				895A816E2A15701D0083C3CC /* Lottie */,
			);
			productName = SpeaKing;
			productReference = 89E3714A29B481290048DAA9 /* SpeaKing.app */;
			productType = "com.apple.product-type.application";
		};
		89E3715F29B4812A0048DAA9 /* SpeaKingTests */ = {
			isa = PBXNativeTarget;
			buildConfigurationList = 89E3717729B4812A0048DAA9 /* Build configuration list for PBXNativeTarget "SpeaKingTests" */;
			buildPhases = (
				89E3715C29B4812A0048DAA9 /* Sources */,
				89E3715D29B4812A0048DAA9 /* Frameworks */,
				89E3715E29B4812A0048DAA9 /* Resources */,
			);
			buildRules = (
			);
			dependencies = (
				89E3716229B4812A0048DAA9 /* PBXTargetDependency */,
			);
			name = SpeaKingTests;
			productName = SpeaKingTests;
			productReference = 89E3716029B4812A0048DAA9 /* SpeaKingTests.xctest */;
			productType = "com.apple.product-type.bundle.unit-test";
		};
		89E3716929B4812A0048DAA9 /* SpeaKingUITests */ = {
			isa = PBXNativeTarget;
			buildConfigurationList = 89E3717A29B4812A0048DAA9 /* Build configuration list for PBXNativeTarget "SpeaKingUITests" */;
			buildPhases = (
				89E3716629B4812A0048DAA9 /* Sources */,
				89E3716729B4812A0048DAA9 /* Frameworks */,
				89E3716829B4812A0048DAA9 /* Resources */,
			);
			buildRules = (
			);
			dependencies = (
				89E3716C29B4812A0048DAA9 /* PBXTargetDependency */,
			);
			name = SpeaKingUITests;
			productName = SpeaKingUITests;
			productReference = 89E3716A29B4812A0048DAA9 /* SpeaKingUITests.xctest */;
			productType = "com.apple.product-type.bundle.ui-testing";
		};
/* End PBXNativeTarget section */

/* Begin PBXProject section */
		89E3714229B481290048DAA9 /* Project object */ = {
			isa = PBXProject;
			attributes = {
				BuildIndependentTargetsInParallel = 1;
				LastSwiftUpdateCheck = 1420;
				LastUpgradeCheck = 1420;
				TargetAttributes = {
					89E3714929B481290048DAA9 = {
						CreatedOnToolsVersion = 14.2;
					};
					89E3715F29B4812A0048DAA9 = {
						CreatedOnToolsVersion = 14.2;
						TestTargetID = 89E3714929B481290048DAA9;
					};
					89E3716929B4812A0048DAA9 = {
						CreatedOnToolsVersion = 14.2;
						TestTargetID = 89E3714929B481290048DAA9;
					};
				};
			};
			buildConfigurationList = 89E3714529B481290048DAA9 /* Build configuration list for PBXProject "SpeaKing" */;
			compatibilityVersion = "Xcode 14.0";
			developmentRegion = en;
			hasScannedForEncodings = 0;
			knownRegions = (
				en,
				Base,
			);
			mainGroup = 89E3714129B481290048DAA9;
			packageReferences = (
				89058E3C29B7046500A39615 /* XCRemoteSwiftPackageReference "SnapKit" */,
				89038A6C29C98E8400238B75 /* XCRemoteSwiftPackageReference "Charts" */,
				891A4B4C29DA7E0A000676BB /* XCRemoteSwiftPackageReference "Alamofire" */,
				89E268C02A11625B00AEA846 /* XCRemoteSwiftPackageReference "realm-swift" */,
				895A816D2A15701D0083C3CC /* XCRemoteSwiftPackageReference "lottie-ios" */,
			);
			productRefGroup = 89E3714B29B481290048DAA9 /* Products */;
			projectDirPath = "";
			projectRoot = "";
			targets = (
				89E3714929B481290048DAA9 /* SpeaKing */,
				89E3715F29B4812A0048DAA9 /* SpeaKingTests */,
				89E3716929B4812A0048DAA9 /* SpeaKingUITests */,
			);
		};
/* End PBXProject section */

/* Begin PBXResourcesBuildPhase section */
		89E3714829B481290048DAA9 /* Resources */ = {
			isa = PBXResourcesBuildPhase;
			buildActionMask = 2147483647;
			files = (
				898FCC172A170636004C2DA0 /* Done.json in Resources */,
				895A81732A15735C0083C3CC /* LoadingBar.json in Resources */,
				89E3715A29B4812A0048DAA9 /* LaunchScreen.storyboard in Resources */,
				89E3715729B4812A0048DAA9 /* Assets.xcassets in Resources */,
			);
			runOnlyForDeploymentPostprocessing = 0;
		};
		89E3715E29B4812A0048DAA9 /* Resources */ = {
			isa = PBXResourcesBuildPhase;
			buildActionMask = 2147483647;
			files = (
			);
			runOnlyForDeploymentPostprocessing = 0;
		};
		89E3716829B4812A0048DAA9 /* Resources */ = {
			isa = PBXResourcesBuildPhase;
			buildActionMask = 2147483647;
			files = (
			);
			runOnlyForDeploymentPostprocessing = 0;
		};
/* End PBXResourcesBuildPhase section */

/* Begin PBXSourcesBuildPhase section */
		89E3714629B481290048DAA9 /* Sources */ = {
			isa = PBXSourcesBuildPhase;
			buildActionMask = 2147483647;
			files = (
				89038A6B29C96A3C00238B75 /* SpeakingResultCollectionReusableView.swift in Sources */,
				890C47F029BC43C400AD4375 /* SPTitleView.swift in Sources */,
				8948222C29C045BC00DB2F12 /* NewSpeakingTitleTableViewCell.swift in Sources */,
				899704ED2A00C06900FD551D /* CategoryService.swift in Sources */,
				897BFF3629D9E2D200D12C06 /* SignUpDoneView.swift in Sources */,
				89A179BA29C4B354002BCF6C /* SpeakingResultLoadingViewController.swift in Sources */,
				89F9BFD729C447B70017BAD8 /* STTResultViewController.swift in Sources */,
				89F9BFCE29C437020017BAD8 /* RecordingMicView.swift in Sources */,
				89F9BFD129C43FFB0017BAD8 /* STTLoadingView.swift in Sources */,
				8939A65029BA367C0092C967 /* HomeHeaderView.swift in Sources */,
				891A4B5129DA8050000676BB /* SignUpModel.swift in Sources */,
				89F9BFD529C440630017BAD8 /* SPLoadingView.swift in Sources */,
				897BFF3829D9E37D00D12C06 /* SignUpDoneViewController.swift in Sources */,
				8959C58329D6A50A00E20DE3 /* SignUpViewController.swift in Sources */,
				89FB9DE92A042B09001DF76E /* NewSpeakingInfo.swift in Sources */,
				890C47F629BC70A300AD4375 /* UIViewController.swift in Sources */,
				89F9BFCC29C4362F0017BAD8 /* RecordingView.swift in Sources */,
				899AEE3029F2A80E002BE6A5 /* ProfileModel.swift in Sources */,
				89BF77AF29ED1C5A008A0FD7 /* MeModel.swift in Sources */,
				898CE57929C0809700724370 /* NewSpeakingCategoryTableViewCell.swift in Sources */,
				89558A6E2A1BBC79007FC8BF /* NewSpeakingModel.swift in Sources */,
				89E3715229B481290048DAA9 /* HomeViewController.swift in Sources */,
				898CE58529C0935000724370 /* CategoryView.swift in Sources */,
				891A4B5629DAAD5A000676BB /* LoginModel.swift in Sources */,
				89AFB29E29EDAD46001828B7 /* PresignedUrlModel.swift in Sources */,
				8939A64829BA1B300092C967 /* FontSize.swift in Sources */,
				8959C57B29D695FD00E20DE3 /* SignUpProfileViewController.swift in Sources */,
				891A4B5829DAB380000676BB /* SPUserDefaults.swift in Sources */,
				8959C57F29D697E200E20DE3 /* NavigationDelegate.swift in Sources */,
				89B867D029CB655500A97402 /* FormalityCheckCollectionViewCell.swift in Sources */,
				898FCC152A16F562004C2DA0 /* SpeakingResultModel.swift in Sources */,
				89601C5629C0D94B003A669E /* CategoryNewTableViewCell.swift in Sources */,
				898AA49C29C6D5AF00411364 /* SpeakingResultTextViewCollectionViewCell.swift in Sources */,
				89E3714E29B481290048DAA9 /* AppDelegate.swift in Sources */,
				89AFB29B29EDAC5F001828B7 /* FileService.swift in Sources */,
				898AA4A029C6E57700411364 /* SpeakingSpeedCollectionViewCell.swift in Sources */,
				89E3715029B481290048DAA9 /* SceneDelegate.swift in Sources */,
				890C47F829BC765900AD4375 /* SPFilterButton.swift in Sources */,
				89479F2E29BCE08900C5D1ED /* HomeSpeakingTableViewCell.swift in Sources */,
				8939A64E29BA358F0092C967 /* UIView.swift in Sources */,
				89058E4A29B7065400A39615 /* HomeView.swift in Sources */,
				89B867CE29CB54C500A97402 /* VocabularyCollectionViewCell.swift in Sources */,
				8959C58129D6A50300E20DE3 /* SignUpProfileView.swift in Sources */,
				8948222729C03AAB00DB2F12 /* SPBottomButton.swift in Sources */,
				89058B5C29D7FF2D00A26B33 /* SPProfileEditView.swift in Sources */,
				8959C57D29D6962900E20DE3 /* SignUpView.swift in Sources */,
				890C47F229BC61BD00AD4375 /* SPTextField.swift in Sources */,
				8948222A29C043FF00DB2F12 /* SectionModel.swift in Sources */,
				898AA49729C6BC6400411364 /* SpeakingResultView.swift in Sources */,
				891A4B5429DA8212000676BB /* AuthService.swift in Sources */,
				89601C5429C0C804003A669E /* CategoryTableViewCell.swift in Sources */,
				89058E4629B7060D00A39615 /* Constants.swift in Sources */,
				898CE57D29C08A4100724370 /* NewSpeakingFormalityTableViewCell.swift in Sources */,
				8939A64C29BA2C960092C967 /* UIImageView.swift in Sources */,
				89F9BFD329C440050017BAD8 /* STTLoadingViewController.swift in Sources */,
				890C47EE29BC417900AD4375 /* HomeSectionHeaderView.swift in Sources */,
				8948222329C02DC400DB2F12 /* NewSpeakingViewController.swift in Sources */,
				898F8F9729DDB4B900597DBF /* Image.swift in Sources */,
				89054F8229CD87FC0080E8B6 /* OnboardingTextField.swift in Sources */,
				899704EB2A00C02600FD551D /* CategoryListModel.swift in Sources */,
				8948222529C02DD300DB2F12 /* NewSpeakingView.swift in Sources */,
				899AEE3429F2AAB0002BE6A5 /* UserDefaultsManager.swift in Sources */,
				899AEE3229F2A87A002BE6A5 /* ProfileService.swift in Sources */,
				898CE58329C0933700724370 /* CategoryViewController.swift in Sources */,
				8939A64629BA1A7C0092C967 /* NSMutableAttributedString.swift in Sources */,
				89E268C62A11629F00AEA846 /* Audio.swift in Sources */,
				899704F02A00CB6A00FD551D /* NewCategoryModel.swift in Sources */,
				8939A64A29BA28A20092C967 /* NewSpeakingButtonView.swift in Sources */,
				89A179BC29C4B66A002BCF6C /* SpeakingResultLoadingDoneViewController.swift in Sources */,
				89054F8029CD864B0080E8B6 /* LoginView.swift in Sources */,
				89B867D229CB65D800A97402 /* FormalitySentenceView.swift in Sources */,
				890C47F429BC68A500AD4375 /* UITextField.swift in Sources */,
				898CE57B29C0812A00724370 /* NewSpeakingCategorySelectionView.swift in Sources */,
				89A179B829C4B346002BCF6C /* SpeakingResultLoadingView.swift in Sources */,
				89479F3029BCE12500C5D1ED /* HomeSpeakingCellView.swift in Sources */,
				89A179B529C4A22E002BCF6C /* SPPlayerView.swift in Sources */,
				89054F7C29CD86140080E8B6 /* LoginViewController.swift in Sources */,
				89058E4C29B70AAD00A39615 /* Color.swift in Sources */,
				89F52DCD29C2FF38000A5EB4 /* NewCategoryViewController.swift in Sources */,
				89479F3229BCE47800C5D1ED /* MySpeakingStackView.swift in Sources */,
				898FCC102A160448004C2DA0 /* TimeInterval.swift in Sources */,
				898AA49929C6BC6F00411364 /* SpeakingResultViewController.swift in Sources */,
				898CE57F29C08AA500724370 /* NewSpeakingFormalityView.swift in Sources */,
				89F9BFDB29C44C360017BAD8 /* SPResultTextView.swift in Sources */,
				89F9BFCA29C436230017BAD8 /* RecordingViewController.swift in Sources */,
				89BF77B129ED2841008A0FD7 /* KeychainManager.swift in Sources */,
				89F52DCF29C2FF42000A5EB4 /* NewCategoryView.swift in Sources */,
				89A179BE29C4B690002BCF6C /* SpeakingResultLoadingDoneView.swift in Sources */,
				89F9BFD929C447CB0017BAD8 /* STTResultView.swift in Sources */,
				898AA49E29C6E53E00411364 /* PronunciationScoreCollectionViewCell.swift in Sources */,
			);
			runOnlyForDeploymentPostprocessing = 0;
		};
		89E3715C29B4812A0048DAA9 /* Sources */ = {
			isa = PBXSourcesBuildPhase;
			buildActionMask = 2147483647;
			files = (
				89E3716529B4812A0048DAA9 /* SpeaKingTests.swift in Sources */,
				89AFB2A029EDB30B001828B7 /* FileServiceTest.swift in Sources */,
			);
			runOnlyForDeploymentPostprocessing = 0;
		};
		89E3716629B4812A0048DAA9 /* Sources */ = {
			isa = PBXSourcesBuildPhase;
			buildActionMask = 2147483647;
			files = (
				89E3717129B4812A0048DAA9 /* SpeaKingUITestsLaunchTests.swift in Sources */,
				89E3716F29B4812A0048DAA9 /* SpeaKingUITests.swift in Sources */,
			);
			runOnlyForDeploymentPostprocessing = 0;
		};
/* End PBXSourcesBuildPhase section */

/* Begin PBXTargetDependency section */
		89E3716229B4812A0048DAA9 /* PBXTargetDependency */ = {
			isa = PBXTargetDependency;
			target = 89E3714929B481290048DAA9 /* SpeaKing */;
			targetProxy = 89E3716129B4812A0048DAA9 /* PBXContainerItemProxy */;
		};
		89E3716C29B4812A0048DAA9 /* PBXTargetDependency */ = {
			isa = PBXTargetDependency;
			target = 89E3714929B481290048DAA9 /* SpeaKing */;
			targetProxy = 89E3716B29B4812A0048DAA9 /* PBXContainerItemProxy */;
		};
/* End PBXTargetDependency section */

/* Begin PBXVariantGroup section */
		89E3715829B4812A0048DAA9 /* LaunchScreen.storyboard */ = {
			isa = PBXVariantGroup;
			children = (
				89E3715929B4812A0048DAA9 /* Base */,
			);
			name = LaunchScreen.storyboard;
			sourceTree = "<group>";
		};
/* End PBXVariantGroup section */

/* Begin XCBuildConfiguration section */
		89E3717229B4812A0048DAA9 /* Debug */ = {
			isa = XCBuildConfiguration;
			buildSettings = {
				ALWAYS_SEARCH_USER_PATHS = NO;
				CLANG_ANALYZER_NONNULL = YES;
				CLANG_ANALYZER_NUMBER_OBJECT_CONVERSION = YES_AGGRESSIVE;
				CLANG_CXX_LANGUAGE_STANDARD = "gnu++20";
				CLANG_ENABLE_MODULES = YES;
				CLANG_ENABLE_OBJC_ARC = YES;
				CLANG_ENABLE_OBJC_WEAK = YES;
				CLANG_WARN_BLOCK_CAPTURE_AUTORELEASING = YES;
				CLANG_WARN_BOOL_CONVERSION = YES;
				CLANG_WARN_COMMA = YES;
				CLANG_WARN_CONSTANT_CONVERSION = YES;
				CLANG_WARN_DEPRECATED_OBJC_IMPLEMENTATIONS = YES;
				CLANG_WARN_DIRECT_OBJC_ISA_USAGE = YES_ERROR;
				CLANG_WARN_DOCUMENTATION_COMMENTS = YES;
				CLANG_WARN_EMPTY_BODY = YES;
				CLANG_WARN_ENUM_CONVERSION = YES;
				CLANG_WARN_INFINITE_RECURSION = YES;
				CLANG_WARN_INT_CONVERSION = YES;
				CLANG_WARN_NON_LITERAL_NULL_CONVERSION = YES;
				CLANG_WARN_OBJC_IMPLICIT_RETAIN_SELF = YES;
				CLANG_WARN_OBJC_LITERAL_CONVERSION = YES;
				CLANG_WARN_OBJC_ROOT_CLASS = YES_ERROR;
				CLANG_WARN_QUOTED_INCLUDE_IN_FRAMEWORK_HEADER = YES;
				CLANG_WARN_RANGE_LOOP_ANALYSIS = YES;
				CLANG_WARN_STRICT_PROTOTYPES = YES;
				CLANG_WARN_SUSPICIOUS_MOVE = YES;
				CLANG_WARN_UNGUARDED_AVAILABILITY = YES_AGGRESSIVE;
				CLANG_WARN_UNREACHABLE_CODE = YES;
				CLANG_WARN__DUPLICATE_METHOD_MATCH = YES;
				COPY_PHASE_STRIP = NO;
				DEBUG_INFORMATION_FORMAT = dwarf;
				ENABLE_STRICT_OBJC_MSGSEND = YES;
				ENABLE_TESTABILITY = YES;
				GCC_C_LANGUAGE_STANDARD = gnu11;
				GCC_DYNAMIC_NO_PIC = NO;
				GCC_NO_COMMON_BLOCKS = YES;
				GCC_OPTIMIZATION_LEVEL = 0;
				GCC_PREPROCESSOR_DEFINITIONS = (
					"DEBUG=1",
					"$(inherited)",
				);
				GCC_WARN_64_TO_32_BIT_CONVERSION = YES;
				GCC_WARN_ABOUT_RETURN_TYPE = YES_ERROR;
				GCC_WARN_UNDECLARED_SELECTOR = YES;
				GCC_WARN_UNINITIALIZED_AUTOS = YES_AGGRESSIVE;
				GCC_WARN_UNUSED_FUNCTION = YES;
				GCC_WARN_UNUSED_VARIABLE = YES;
				IPHONEOS_DEPLOYMENT_TARGET = 14.0;
				MTL_ENABLE_DEBUG_INFO = INCLUDE_SOURCE;
				MTL_FAST_MATH = YES;
				ONLY_ACTIVE_ARCH = YES;
				SDKROOT = iphoneos;
				SWIFT_ACTIVE_COMPILATION_CONDITIONS = DEBUG;
				SWIFT_OPTIMIZATION_LEVEL = "-Onone";
			};
			name = Debug;
		};
		89E3717329B4812A0048DAA9 /* Release */ = {
			isa = XCBuildConfiguration;
			buildSettings = {
				ALWAYS_SEARCH_USER_PATHS = NO;
				CLANG_ANALYZER_NONNULL = YES;
				CLANG_ANALYZER_NUMBER_OBJECT_CONVERSION = YES_AGGRESSIVE;
				CLANG_CXX_LANGUAGE_STANDARD = "gnu++20";
				CLANG_ENABLE_MODULES = YES;
				CLANG_ENABLE_OBJC_ARC = YES;
				CLANG_ENABLE_OBJC_WEAK = YES;
				CLANG_WARN_BLOCK_CAPTURE_AUTORELEASING = YES;
				CLANG_WARN_BOOL_CONVERSION = YES;
				CLANG_WARN_COMMA = YES;
				CLANG_WARN_CONSTANT_CONVERSION = YES;
				CLANG_WARN_DEPRECATED_OBJC_IMPLEMENTATIONS = YES;
				CLANG_WARN_DIRECT_OBJC_ISA_USAGE = YES_ERROR;
				CLANG_WARN_DOCUMENTATION_COMMENTS = YES;
				CLANG_WARN_EMPTY_BODY = YES;
				CLANG_WARN_ENUM_CONVERSION = YES;
				CLANG_WARN_INFINITE_RECURSION = YES;
				CLANG_WARN_INT_CONVERSION = YES;
				CLANG_WARN_NON_LITERAL_NULL_CONVERSION = YES;
				CLANG_WARN_OBJC_IMPLICIT_RETAIN_SELF = YES;
				CLANG_WARN_OBJC_LITERAL_CONVERSION = YES;
				CLANG_WARN_OBJC_ROOT_CLASS = YES_ERROR;
				CLANG_WARN_QUOTED_INCLUDE_IN_FRAMEWORK_HEADER = YES;
				CLANG_WARN_RANGE_LOOP_ANALYSIS = YES;
				CLANG_WARN_STRICT_PROTOTYPES = YES;
				CLANG_WARN_SUSPICIOUS_MOVE = YES;
				CLANG_WARN_UNGUARDED_AVAILABILITY = YES_AGGRESSIVE;
				CLANG_WARN_UNREACHABLE_CODE = YES;
				CLANG_WARN__DUPLICATE_METHOD_MATCH = YES;
				COPY_PHASE_STRIP = NO;
				DEBUG_INFORMATION_FORMAT = "dwarf-with-dsym";
				ENABLE_NS_ASSERTIONS = NO;
				ENABLE_STRICT_OBJC_MSGSEND = YES;
				GCC_C_LANGUAGE_STANDARD = gnu11;
				GCC_NO_COMMON_BLOCKS = YES;
				GCC_WARN_64_TO_32_BIT_CONVERSION = YES;
				GCC_WARN_ABOUT_RETURN_TYPE = YES_ERROR;
				GCC_WARN_UNDECLARED_SELECTOR = YES;
				GCC_WARN_UNINITIALIZED_AUTOS = YES_AGGRESSIVE;
				GCC_WARN_UNUSED_FUNCTION = YES;
				GCC_WARN_UNUSED_VARIABLE = YES;
				IPHONEOS_DEPLOYMENT_TARGET = 14.0;
				MTL_ENABLE_DEBUG_INFO = NO;
				MTL_FAST_MATH = YES;
				SDKROOT = iphoneos;
				SWIFT_COMPILATION_MODE = wholemodule;
				SWIFT_OPTIMIZATION_LEVEL = "-O";
				VALIDATE_PRODUCT = YES;
			};
			name = Release;
		};
		89E3717529B4812A0048DAA9 /* Debug */ = {
			isa = XCBuildConfiguration;
			buildSettings = {
				ASSETCATALOG_COMPILER_APPICON_NAME = AppIcon;
				ASSETCATALOG_COMPILER_GLOBAL_ACCENT_COLOR_NAME = AccentColor;
				CODE_SIGN_STYLE = Automatic;
				CURRENT_PROJECT_VERSION = 1;
				DEVELOPMENT_TEAM = 3FP9A2A7KZ;
				GENERATE_INFOPLIST_FILE = YES;
				INFOPLIST_FILE = SpeaKing/Info.plist;
				INFOPLIST_KEY_UIApplicationSupportsIndirectInputEvents = YES;
				INFOPLIST_KEY_UILaunchStoryboardName = LaunchScreen;
				INFOPLIST_KEY_UISupportedInterfaceOrientations = UIInterfaceOrientationPortrait;
				IPHONEOS_DEPLOYMENT_TARGET = 16.0;
				LD_RUNPATH_SEARCH_PATHS = (
					"$(inherited)",
					"@executable_path/Frameworks",
				);
				MARKETING_VERSION = 1.0;
				PRODUCT_BUNDLE_IDENTIFIER = "seoyoung-lee.SpeaKing";
				PRODUCT_NAME = "$(TARGET_NAME)";
				SWIFT_EMIT_LOC_STRINGS = YES;
				SWIFT_VERSION = 5.0;
				TARGETED_DEVICE_FAMILY = "1,2";
			};
			name = Debug;
		};
		89E3717629B4812A0048DAA9 /* Release */ = {
			isa = XCBuildConfiguration;
			buildSettings = {
				ASSETCATALOG_COMPILER_APPICON_NAME = AppIcon;
				ASSETCATALOG_COMPILER_GLOBAL_ACCENT_COLOR_NAME = AccentColor;
				CODE_SIGN_STYLE = Automatic;
				CURRENT_PROJECT_VERSION = 1;
				DEVELOPMENT_TEAM = 3FP9A2A7KZ;
				GENERATE_INFOPLIST_FILE = YES;
				INFOPLIST_FILE = SpeaKing/Info.plist;
				INFOPLIST_KEY_UIApplicationSupportsIndirectInputEvents = YES;
				INFOPLIST_KEY_UILaunchStoryboardName = LaunchScreen;
				INFOPLIST_KEY_UISupportedInterfaceOrientations = UIInterfaceOrientationPortrait;
				IPHONEOS_DEPLOYMENT_TARGET = 16.0;
				LD_RUNPATH_SEARCH_PATHS = (
					"$(inherited)",
					"@executable_path/Frameworks",
				);
				MARKETING_VERSION = 1.0;
				PRODUCT_BUNDLE_IDENTIFIER = "seoyoung-lee.SpeaKing";
				PRODUCT_NAME = "$(TARGET_NAME)";
				SWIFT_EMIT_LOC_STRINGS = YES;
				SWIFT_VERSION = 5.0;
				TARGETED_DEVICE_FAMILY = "1,2";
			};
			name = Release;
		};
		89E3717829B4812A0048DAA9 /* Debug */ = {
			isa = XCBuildConfiguration;
			buildSettings = {
				ALWAYS_EMBED_SWIFT_STANDARD_LIBRARIES = YES;
				BUNDLE_LOADER = "$(TEST_HOST)";
				CODE_SIGN_STYLE = Automatic;
				CURRENT_PROJECT_VERSION = 1;
				DEVELOPMENT_TEAM = 3FP9A2A7KZ;
				GENERATE_INFOPLIST_FILE = YES;
				IPHONEOS_DEPLOYMENT_TARGET = 16.0;
				MARKETING_VERSION = 1.0;
				PRODUCT_BUNDLE_IDENTIFIER = "seoyoung-lee.SpeaKingTests";
				PRODUCT_NAME = "$(TARGET_NAME)";
				SWIFT_EMIT_LOC_STRINGS = NO;
				SWIFT_VERSION = 5.0;
				TARGETED_DEVICE_FAMILY = "1,2";
				TEST_HOST = "$(BUILT_PRODUCTS_DIR)/SpeaKing.app/$(BUNDLE_EXECUTABLE_FOLDER_PATH)/SpeaKing";
			};
			name = Debug;
		};
		89E3717929B4812A0048DAA9 /* Release */ = {
			isa = XCBuildConfiguration;
			buildSettings = {
				ALWAYS_EMBED_SWIFT_STANDARD_LIBRARIES = YES;
				BUNDLE_LOADER = "$(TEST_HOST)";
				CODE_SIGN_STYLE = Automatic;
				CURRENT_PROJECT_VERSION = 1;
				DEVELOPMENT_TEAM = 3FP9A2A7KZ;
				GENERATE_INFOPLIST_FILE = YES;
				IPHONEOS_DEPLOYMENT_TARGET = 16.0;
				MARKETING_VERSION = 1.0;
				PRODUCT_BUNDLE_IDENTIFIER = "seoyoung-lee.SpeaKingTests";
				PRODUCT_NAME = "$(TARGET_NAME)";
				SWIFT_EMIT_LOC_STRINGS = NO;
				SWIFT_VERSION = 5.0;
				TARGETED_DEVICE_FAMILY = "1,2";
				TEST_HOST = "$(BUILT_PRODUCTS_DIR)/SpeaKing.app/$(BUNDLE_EXECUTABLE_FOLDER_PATH)/SpeaKing";
			};
			name = Release;
		};
		89E3717B29B4812A0048DAA9 /* Debug */ = {
			isa = XCBuildConfiguration;
			buildSettings = {
				ALWAYS_EMBED_SWIFT_STANDARD_LIBRARIES = YES;
				CODE_SIGN_STYLE = Automatic;
				CURRENT_PROJECT_VERSION = 1;
				DEVELOPMENT_TEAM = 3FP9A2A7KZ;
				GENERATE_INFOPLIST_FILE = YES;
				MARKETING_VERSION = 1.0;
				PRODUCT_BUNDLE_IDENTIFIER = "seoyoung-lee.SpeaKingUITests";
				PRODUCT_NAME = "$(TARGET_NAME)";
				SWIFT_EMIT_LOC_STRINGS = NO;
				SWIFT_VERSION = 5.0;
				TARGETED_DEVICE_FAMILY = "1,2";
				TEST_TARGET_NAME = SpeaKing;
			};
			name = Debug;
		};
		89E3717C29B4812A0048DAA9 /* Release */ = {
			isa = XCBuildConfiguration;
			buildSettings = {
				ALWAYS_EMBED_SWIFT_STANDARD_LIBRARIES = YES;
				CODE_SIGN_STYLE = Automatic;
				CURRENT_PROJECT_VERSION = 1;
				DEVELOPMENT_TEAM = 3FP9A2A7KZ;
				GENERATE_INFOPLIST_FILE = YES;
				MARKETING_VERSION = 1.0;
				PRODUCT_BUNDLE_IDENTIFIER = "seoyoung-lee.SpeaKingUITests";
				PRODUCT_NAME = "$(TARGET_NAME)";
				SWIFT_EMIT_LOC_STRINGS = NO;
				SWIFT_VERSION = 5.0;
				TARGETED_DEVICE_FAMILY = "1,2";
				TEST_TARGET_NAME = SpeaKing;
			};
			name = Release;
		};
/* End XCBuildConfiguration section */

/* Begin XCConfigurationList section */
		89E3714529B481290048DAA9 /* Build configuration list for PBXProject "SpeaKing" */ = {
			isa = XCConfigurationList;
			buildConfigurations = (
				89E3717229B4812A0048DAA9 /* Debug */,
				89E3717329B4812A0048DAA9 /* Release */,
			);
			defaultConfigurationIsVisible = 0;
			defaultConfigurationName = Release;
		};
		89E3717429B4812A0048DAA9 /* Build configuration list for PBXNativeTarget "SpeaKing" */ = {
			isa = XCConfigurationList;
			buildConfigurations = (
				89E3717529B4812A0048DAA9 /* Debug */,
				89E3717629B4812A0048DAA9 /* Release */,
			);
			defaultConfigurationIsVisible = 0;
			defaultConfigurationName = Release;
		};
		89E3717729B4812A0048DAA9 /* Build configuration list for PBXNativeTarget "SpeaKingTests" */ = {
			isa = XCConfigurationList;
			buildConfigurations = (
				89E3717829B4812A0048DAA9 /* Debug */,
				89E3717929B4812A0048DAA9 /* Release */,
			);
			defaultConfigurationIsVisible = 0;
			defaultConfigurationName = Release;
		};
		89E3717A29B4812A0048DAA9 /* Build configuration list for PBXNativeTarget "SpeaKingUITests" */ = {
			isa = XCConfigurationList;
			buildConfigurations = (
				89E3717B29B4812A0048DAA9 /* Debug */,
				89E3717C29B4812A0048DAA9 /* Release */,
			);
			defaultConfigurationIsVisible = 0;
			defaultConfigurationName = Release;
		};
/* End XCConfigurationList section */

/* Begin XCRemoteSwiftPackageReference section */
		89038A6C29C98E8400238B75 /* XCRemoteSwiftPackageReference "Charts" */ = {
			isa = XCRemoteSwiftPackageReference;
			repositoryURL = "https://github.com/danielgindi/Charts.git";
			requirement = {
				kind = upToNextMajorVersion;
				minimumVersion = 4.1.0;
			};
		};
		89058E3C29B7046500A39615 /* XCRemoteSwiftPackageReference "SnapKit" */ = {
			isa = XCRemoteSwiftPackageReference;
			repositoryURL = "https://github.com/SnapKit/SnapKit.git";
			requirement = {
				kind = upToNextMajorVersion;
				minimumVersion = 5.0.1;
			};
		};
		891A4B4C29DA7E0A000676BB /* XCRemoteSwiftPackageReference "Alamofire" */ = {
			isa = XCRemoteSwiftPackageReference;
			repositoryURL = "https://github.com/Alamofire/Alamofire.git";
			requirement = {
				kind = upToNextMajorVersion;
				minimumVersion = 5.6.1;
			};
		};
		895A816D2A15701D0083C3CC /* XCRemoteSwiftPackageReference "lottie-ios" */ = {
			isa = XCRemoteSwiftPackageReference;
			repositoryURL = "https://github.com/airbnb/lottie-ios";
			requirement = {
				kind = upToNextMajorVersion;
				minimumVersion = 4.2.0;
			};
		};
		89E268C02A11625B00AEA846 /* XCRemoteSwiftPackageReference "realm-swift" */ = {
			isa = XCRemoteSwiftPackageReference;
			repositoryURL = "https://github.com/realm/realm-swift.git";
			requirement = {
				kind = upToNextMajorVersion;
				minimumVersion = 10.39.1;
			};
		};
/* End XCRemoteSwiftPackageReference section */

/* Begin XCSwiftPackageProductDependency section */
		89038A6D29C98E8400238B75 /* Charts */ = {
			isa = XCSwiftPackageProductDependency;
			package = 89038A6C29C98E8400238B75 /* XCRemoteSwiftPackageReference "Charts" */;
			productName = Charts;
		};
		89058E3D29B7046500A39615 /* SnapKit */ = {
			isa = XCSwiftPackageProductDependency;
			package = 89058E3C29B7046500A39615 /* XCRemoteSwiftPackageReference "SnapKit" */;
			productName = SnapKit;
		};
		891A4B4D29DA7E0A000676BB /* Alamofire */ = {
			isa = XCSwiftPackageProductDependency;
			package = 891A4B4C29DA7E0A000676BB /* XCRemoteSwiftPackageReference "Alamofire" */;
			productName = Alamofire;
		};
		895A816E2A15701D0083C3CC /* Lottie */ = {
			isa = XCSwiftPackageProductDependency;
			package = 895A816D2A15701D0083C3CC /* XCRemoteSwiftPackageReference "lottie-ios" */;
			productName = Lottie;
		};
		89E268C12A11625B00AEA846 /* Realm */ = {
			isa = XCSwiftPackageProductDependency;
			package = 89E268C02A11625B00AEA846 /* XCRemoteSwiftPackageReference "realm-swift" */;
			productName = Realm;
		};
		89E268C32A11625B00AEA846 /* RealmSwift */ = {
			isa = XCSwiftPackageProductDependency;
			package = 89E268C02A11625B00AEA846 /* XCRemoteSwiftPackageReference "realm-swift" */;
			productName = RealmSwift;
		};
/* End XCSwiftPackageProductDependency section */
	};
	rootObject = 89E3714229B481290048DAA9 /* Project object */;
}
